PODS:
  - Alamofire (5.4.3)
  - AlamofireNetworkActivityLogger (3.4.0):
    - Alamofire (~> 5.4.0)
  - Crashlytics (3.14.0):
    - Fabric (~> 1.10.2)
  - Fabric (1.10.2)
  - KeychainAccess (4.2.2)
  - Keys (1.0.1)
  - Nimble (9.2.0)
  - NimbleExtension (0.1.0)
  - OHHTTPStubs/Core (9.1.0)
  - OHHTTPStubs/Default (9.1.0):
    - OHHTTPStubs/Core
    - OHHTTPStubs/JSON
    - OHHTTPStubs/NSURLSession
    - OHHTTPStubs/OHPathHelpers
  - OHHTTPStubs/JSON (9.1.0):
    - OHHTTPStubs/Core
  - OHHTTPStubs/NSURLSession (9.1.0):
    - OHHTTPStubs/Core
  - OHHTTPStubs/OHPathHelpers (9.1.0)
  - OHHTTPStubs/Swift (9.1.0):
    - OHHTTPStubs/Default
  - Quick (4.0.0)
  - R.swift (5.4.0):
    - R.swift.Library (~> 5.3.0)
  - R.swift.Library (5.3.0)
  - SnapKit (5.0.1)
  - Sourcery (1.4.2)
  - SwiftLint (0.43.1)

DEPENDENCIES:
  - Alamofire
  - AlamofireNetworkActivityLogger (~> 3.4)
  - Crashlytics
  - KeychainAccess
  - Keys (from `Pods/CocoaPodsKeys`)
  - Nimble
  - NimbleExtension (from `https://github.com/nimblehq/NimbleExtension`, branch `master`)
  - OHHTTPStubs/Swift
  - Quick
  - R.swift
  - SnapKit
  - Sourcery
  - SwiftLint

SPEC REPOS:
  trunk:
    - Alamofire
    - AlamofireNetworkActivityLogger
    - Crashlytics
    - Fabric
    - KeychainAccess
    - Nimble
    - OHHTTPStubs
    - Quick
    - R.swift
    - R.swift.Library
    - SnapKit
    - Sourcery
    - SwiftLint

EXTERNAL SOURCES:
  Keys:
    :path: Pods/CocoaPodsKeys
  NimbleExtension:
    :branch: master
    :git: https://github.com/nimblehq/NimbleExtension

CHECKOUT OPTIONS:
  NimbleExtension:
    :commit: e86bbfafac664d155ab0d4994bb0a0a2f6c0beff
    :git: https://github.com/nimblehq/NimbleExtension

SPEC CHECKSUMS:
  Alamofire: e447a2774a40c996748296fa2c55112fdbbc42f9
  AlamofireNetworkActivityLogger: 162ab8aee00e6267a4304d7cc134e13ccfe3bcc5
  Crashlytics: 9220f5bc89e7a618df411b4f639389dbfb0e03d2
  Fabric: ea977e3cd9c20425516d3dafd3bf8c941c51223f
  KeychainAccess: c0c4f7f38f6fc7bbe58f5702e25f7bd2f65abf51
  Keys: a576f4c9c1c641ca913a959a9c62ed3f215a8de9
  Nimble: 4f4a345c80b503b3ea13606a4f98405974ee4d0b
  NimbleExtension: acad4290f27afd4241b1ea20f8597889085e2ce7
  OHHTTPStubs: 90eac6d8f2c18317baeca36698523dc67c513831
  Quick: 6473349e43b9271a8d43839d9ba1c442ed1b7ac4
  R.swift: c533450b0f7dc494e0993f5f1a1db925d84c3006
  R.swift.Library: 0fc583cb55a99e28901299cc451614cad1161962
  SnapKit: 97b92857e3df3a0c71833cce143274bf6ef8e5eb
  Sourcery: 43d8addc35ca31c2ab331cfd34b02421fa53bb7f
  SwiftLint: 99f82d07b837b942dd563c668de129a03fc3fb52

PODFILE CHECKSUM: 2c3f86ed0fbecc612fd9bfc2ecf156ffcbb8793d

COCOAPODS: 1.10.1
