// !$*UTF8*$!
{
	archiveVersion = 1;
	classes = {
	};
	objectVersion = 51;
	objects = {

/* Begin PBXBuildFile section */
		23776A9B91DAFE4E58509E4A /* Pods_SurveyAppTests.framework in Frameworks */ = {isa = PBXBuildFile; fileRef = 26D2FAF3B790BC56A29D11A9 /* Pods_SurveyAppTests.framework */; };
		8416EAF426804E4A00F47617 /* UIView+Round.swift in Sources */ = {isa = PBXBuildFile; fileRef = 8416EAF326804E4A00F47617 /* UIView+Round.swift */; };
		8416EAF726804EDA00F47617 /* Date+Formatter.swift in Sources */ = {isa = PBXBuildFile; fileRef = 8416EAF626804EDA00F47617 /* Date+Formatter.swift */; };
		8416EAF926804FED00F47617 /* DateFormatter+Format.swift in Sources */ = {isa = PBXBuildFile; fileRef = 8416EAF826804FED00F47617 /* DateFormatter+Format.swift */; };
		8416EAFD2680539400F47617 /* AutoMockable.generated.swift in Sources */ = {isa = PBXBuildFile; fileRef = 8416EAFC2680539400F47617 /* AutoMockable.generated.swift */; };
		8416EB002680666400F47617 /* SurveyCollectionCell.swift in Sources */ = {isa = PBXBuildFile; fileRef = 8416EAFF2680666400F47617 /* SurveyCollectionCell.swift */; };
		8416EB0326806FB700F47617 /* Dequeuable.swift in Sources */ = {isa = PBXBuildFile; fileRef = 8416EB0226806FB700F47617 /* Dequeuable.swift */; };
		84182361268967C4007F5623 /* JSON+SurveyService.swift in Sources */ = {isa = PBXBuildFile; fileRef = 84182360268967C4007F5623 /* JSON+SurveyService.swift */; };
		8418236526897A0F007F5623 /* SurveyServiceSpec.swift in Sources */ = {isa = PBXBuildFile; fileRef = 8418236426897A0F007F5623 /* SurveyServiceSpec.swift */; };
		8418236826897CFE007F5623 /* Dictionary+QueryParams.swift in Sources */ = {isa = PBXBuildFile; fileRef = 8418236726897CFE007F5623 /* Dictionary+QueryParams.swift */; };
		8418237A268A2D62007F5623 /* HomeInteractorSpec.swift in Sources */ = {isa = PBXBuildFile; fileRef = 84182375268A2D62007F5623 /* HomeInteractorSpec.swift */; };
		8418237B268A2D62007F5623 /* HomeRouterSpec.swift in Sources */ = {isa = PBXBuildFile; fileRef = 84182376268A2D62007F5623 /* HomeRouterSpec.swift */; };
		8418237C268A2D62007F5623 /* HomeViewControllerSpec.swift in Sources */ = {isa = PBXBuildFile; fileRef = 84182377268A2D62007F5623 /* HomeViewControllerSpec.swift */; };
		8418237D268A2D62007F5623 /* HomePresenterSpec.swift in Sources */ = {isa = PBXBuildFile; fileRef = 84182378268A2D62007F5623 /* HomePresenterSpec.swift */; };
		8418237E268A2D62007F5623 /* HomeModuleSpec.swift in Sources */ = {isa = PBXBuildFile; fileRef = 84182379268A2D62007F5623 /* HomeModuleSpec.swift */; };
		8423B97126734D8C0000036F /* AuthToken.swift in Sources */ = {isa = PBXBuildFile; fileRef = 8423B97026734D8C0000036F /* AuthToken.swift */; };
		8423B97426734E6A0000036F /* AuthenticationService.swift in Sources */ = {isa = PBXBuildFile; fileRef = 8423B97326734E6A0000036F /* AuthenticationService.swift */; };
		84276BE5267B332E00E87C1A /* SplashRouter.swift in Sources */ = {isa = PBXBuildFile; fileRef = 84276BE0267B332E00E87C1A /* SplashRouter.swift */; };
		84276BE6267B332E00E87C1A /* SplashModule.swift in Sources */ = {isa = PBXBuildFile; fileRef = 84276BE1267B332E00E87C1A /* SplashModule.swift */; };
		84276BE7267B332E00E87C1A /* SplashViewController.swift in Sources */ = {isa = PBXBuildFile; fileRef = 84276BE2267B332E00E87C1A /* SplashViewController.swift */; };
		84276BE9267B332E00E87C1A /* SplashPresenter.swift in Sources */ = {isa = PBXBuildFile; fileRef = 84276BE4267B332E00E87C1A /* SplashPresenter.swift */; };
		842C6F80266DC5AA0017E1CD /* AppDelegate.swift in Sources */ = {isa = PBXBuildFile; fileRef = 842C6F7F266DC5AA0017E1CD /* AppDelegate.swift */; };
		842C6F82266DC5AA0017E1CD /* SceneDelegate.swift in Sources */ = {isa = PBXBuildFile; fileRef = 842C6F81266DC5AA0017E1CD /* SceneDelegate.swift */; };
		842C6F89266DC5AB0017E1CD /* Assets.xcassets in Resources */ = {isa = PBXBuildFile; fileRef = 842C6F88266DC5AB0017E1CD /* Assets.xcassets */; };
		842C6F8C266DC5AB0017E1CD /* LaunchScreen.storyboard in Resources */ = {isa = PBXBuildFile; fileRef = 842C6F8A266DC5AB0017E1CD /* LaunchScreen.storyboard */; };
		842C6FA2266DC5AB0017E1CD /* SurveyAppUITests.swift in Sources */ = {isa = PBXBuildFile; fileRef = 842C6FA1266DC5AB0017E1CD /* SurveyAppUITests.swift */; };
		8433C92F268180AC00EAF157 /* AnimatedCollectionView.swift in Sources */ = {isa = PBXBuildFile; fileRef = 8433C92E268180AC00EAF157 /* AnimatedCollectionView.swift */; };
		8434816F2677626F00B7990A /* String+Email.swift in Sources */ = {isa = PBXBuildFile; fileRef = 8434816E2677626F00B7990A /* String+Email.swift */; };
		843AB4D7266DCB5E00EC3F28 /* LoginRouter.swift in Sources */ = {isa = PBXBuildFile; fileRef = 843AB4D2266DCB5E00EC3F28 /* LoginRouter.swift */; };
		843AB4D8266DCB5E00EC3F28 /* LoginModule.swift in Sources */ = {isa = PBXBuildFile; fileRef = 843AB4D3266DCB5E00EC3F28 /* LoginModule.swift */; };
		843AB4D9266DCB5E00EC3F28 /* LoginViewController.swift in Sources */ = {isa = PBXBuildFile; fileRef = 843AB4D4266DCB5E00EC3F28 /* LoginViewController.swift */; };
		843AB4DA266DCB5E00EC3F28 /* LoginInteractor.swift in Sources */ = {isa = PBXBuildFile; fileRef = 843AB4D5266DCB5E00EC3F28 /* LoginInteractor.swift */; };
		843AB4DB266DCB5E00EC3F28 /* LoginPresenter.swift in Sources */ = {isa = PBXBuildFile; fileRef = 843AB4D6266DCB5E00EC3F28 /* LoginPresenter.swift */; };
		843AB5FB266E2AAE00EC3F28 /* .swiftlint.yml in Resources */ = {isa = PBXBuildFile; fileRef = 843AB5FA266E2AAE00EC3F28 /* .swiftlint.yml */; };
		8448C23A2679F9F4005955D4 /* UserCredential.swift in Sources */ = {isa = PBXBuildFile; fileRef = 8448C2392679F9F4005955D4 /* UserCredential.swift */; };
		8448C23D2679FA90005955D4 /* KeychainStorage.swift in Sources */ = {isa = PBXBuildFile; fileRef = 8448C23C2679FA90005955D4 /* KeychainStorage.swift */; };
		8448C23F2679FA97005955D4 /* KeychainKeys.swift in Sources */ = {isa = PBXBuildFile; fileRef = 8448C23E2679FA97005955D4 /* KeychainKeys.swift */; };
		8448C2412679FAFF005955D4 /* UserSession.swift in Sources */ = {isa = PBXBuildFile; fileRef = 8448C2402679FAFF005955D4 /* UserSession.swift */; };
		8448C2432679FB1E005955D4 /* UserSessionProvider.swift in Sources */ = {isa = PBXBuildFile; fileRef = 8448C2422679FB1E005955D4 /* UserSessionProvider.swift */; };
		844CEBB5267C55EE0057FCF7 /* UIViewController+Error.swift in Sources */ = {isa = PBXBuildFile; fileRef = 844CEBB4267C55EE0057FCF7 /* UIViewController+Error.swift */; };
		84648400267757D100233656 /* ErrorView.swift in Sources */ = {isa = PBXBuildFile; fileRef = 846483FF267757D100233656 /* ErrorView.swift */; };
		8464840726775D6700233656 /* HomeRouter.swift in Sources */ = {isa = PBXBuildFile; fileRef = 8464840226775D6700233656 /* HomeRouter.swift */; };
		8464840826775D6700233656 /* HomeModule.swift in Sources */ = {isa = PBXBuildFile; fileRef = 8464840326775D6700233656 /* HomeModule.swift */; };
		8464840926775D6700233656 /* HomeViewController.swift in Sources */ = {isa = PBXBuildFile; fileRef = 8464840426775D6700233656 /* HomeViewController.swift */; };
		8464840A26775D6700233656 /* HomeInteractor.swift in Sources */ = {isa = PBXBuildFile; fileRef = 8464840526775D6700233656 /* HomeInteractor.swift */; };
		8464840B26775D6700233656 /* HomePresenter.swift in Sources */ = {isa = PBXBuildFile; fileRef = 8464840626775D6700233656 /* HomePresenter.swift */; };
		848A00AC2685AA510019A426 /* SurveyResponse.swift in Sources */ = {isa = PBXBuildFile; fileRef = 848A00AB2685AA510019A426 /* SurveyResponse.swift */; };
		84A0AB5F26706AC4005EBF9A /* CredentialTextField.swift in Sources */ = {isa = PBXBuildFile; fileRef = 84A0AB5E26706AC4005EBF9A /* CredentialTextField.swift */; };
		84A0AB6526708954005EBF9A /* R.swift+Typealias.swift in Sources */ = {isa = PBXBuildFile; fileRef = 84A0AB6426708954005EBF9A /* R.swift+Typealias.swift */; };
		84A0AB6926708CFE005EBF9A /* Localizable.strings in Resources */ = {isa = PBXBuildFile; fileRef = 84A0AB6B26708CFE005EBF9A /* Localizable.strings */; };
		84A361D326845C6200A369E7 /* SplashRouterSpec.swift in Sources */ = {isa = PBXBuildFile; fileRef = 84A361CE26845C6200A369E7 /* SplashRouterSpec.swift */; };
		84A361D426845C6200A369E7 /* SplashViewControllerSpec.swift in Sources */ = {isa = PBXBuildFile; fileRef = 84A361CF26845C6200A369E7 /* SplashViewControllerSpec.swift */; };
		84A361D526845C6200A369E7 /* SplashPresenterSpec.swift in Sources */ = {isa = PBXBuildFile; fileRef = 84A361D026845C6200A369E7 /* SplashPresenterSpec.swift */; };
		84A361D626845C6200A369E7 /* SplashModuleSpec.swift in Sources */ = {isa = PBXBuildFile; fileRef = 84A361D126845C6200A369E7 /* SplashModuleSpec.swift */; };
		84A361D8268467DE00A369E7 /* SplashInteractorSpec.swift in Sources */ = {isa = PBXBuildFile; fileRef = 84A361D7268467DE00A369E7 /* SplashInteractorSpec.swift */; };
		84A361DB26848C8C00A369E7 /* SurveyService.swift in Sources */ = {isa = PBXBuildFile; fileRef = 84A361DA26848C8C00A369E7 /* SurveyService.swift */; };
		84A361DE26848CFD00A369E7 /* Survey.swift in Sources */ = {isa = PBXBuildFile; fileRef = 84A361DD26848CFD00A369E7 /* Survey.swift */; };
		84A361E02684904100A369E7 /* AuthenticationInterceptor.swift in Sources */ = {isa = PBXBuildFile; fileRef = 84A361DF2684904100A369E7 /* AuthenticationInterceptor.swift */; };
		84AC054F2682E05A00218DC2 /* SplashInteractor.swift in Sources */ = {isa = PBXBuildFile; fileRef = 84AC054E2682E05A00218DC2 /* SplashInteractor.swift */; };
		84BE6960266F4446001DE0C3 /* UIFont+Size.swift in Sources */ = {isa = PBXBuildFile; fileRef = 84BE695F266F4446001DE0C3 /* UIFont+Size.swift */; };
		84C8D6752681CE5F00961CF8 /* LoginInteractorSpec.swift in Sources */ = {isa = PBXBuildFile; fileRef = 84C8D6702681CE5F00961CF8 /* LoginInteractorSpec.swift */; };
		84C8D6762681CE5F00961CF8 /* LoginRouterSpec.swift in Sources */ = {isa = PBXBuildFile; fileRef = 84C8D6712681CE5F00961CF8 /* LoginRouterSpec.swift */; };
		84C8D6772681CE5F00961CF8 /* LoginViewControllerSpec.swift in Sources */ = {isa = PBXBuildFile; fileRef = 84C8D6722681CE5F00961CF8 /* LoginViewControllerSpec.swift */; };
		84C8D6782681CE5F00961CF8 /* LoginPresenterSpec.swift in Sources */ = {isa = PBXBuildFile; fileRef = 84C8D6732681CE5F00961CF8 /* LoginPresenterSpec.swift */; };
		84C8D6792681CE5F00961CF8 /* LoginModuleSpec.swift in Sources */ = {isa = PBXBuildFile; fileRef = 84C8D6742681CE5F00961CF8 /* LoginModuleSpec.swift */; };
		84C8D67A2681CEAA00961CF8 /* JSON.swift in Sources */ = {isa = PBXBuildFile; fileRef = 84276BC3267AF51C00E87C1A /* JSON.swift */; };
		84C8D67B2681CEAD00961CF8 /* JSON+AuthenticationService.swift in Sources */ = {isa = PBXBuildFile; fileRef = 84276BC5267AF52D00E87C1A /* JSON+AuthenticationService.swift */; };
		84C8D67C2681CEAF00961CF8 /* JSON+APIError.swift in Sources */ = {isa = PBXBuildFile; fileRef = 84276BD9267B24E500E87C1A /* JSON+APIError.swift */; };
		84C8D67D2681CEB400961CF8 /* BaseAPISpec.swift in Sources */ = {isa = PBXBuildFile; fileRef = 84276BCA267AF60000E87C1A /* BaseAPISpec.swift */; };
		84C8D67E2681CEB700961CF8 /* UserSessionSpec.swift in Sources */ = {isa = PBXBuildFile; fileRef = 84276BCC267AF79B00E87C1A /* UserSessionSpec.swift */; };
		84C8D67F2681CEBB00961CF8 /* AuthenticationServiceSpec.swift in Sources */ = {isa = PBXBuildFile; fileRef = 84276BDD267B284D00E87C1A /* AuthenticationServiceSpec.swift */; };
		84D0748926731FFC009CFE4C /* R.generated.swift in Sources */ = {isa = PBXBuildFile; fileRef = 84D0748826731FFC009CFE4C /* R.generated.swift */; };
		84D0748F26732128009CFE4C /* Environment.swift in Sources */ = {isa = PBXBuildFile; fileRef = 84D0748E26732128009CFE4C /* Environment.swift */; };
		84D0749126732140009CFE4C /* Constants.swift in Sources */ = {isa = PBXBuildFile; fileRef = 84D0749026732140009CFE4C /* Constants.swift */; };
		84D074932673214C009CFE4C /* Typealias.swift in Sources */ = {isa = PBXBuildFile; fileRef = 84D074922673214C009CFE4C /* Typealias.swift */; };
		84D07496267321D7009CFE4C /* APIError.swift in Sources */ = {isa = PBXBuildFile; fileRef = 84D07495267321D7009CFE4C /* APIError.swift */; };
		84D0749C26732231009CFE4C /* NetworkServiceFactory.swift in Sources */ = {isa = PBXBuildFile; fileRef = 84D0749B26732231009CFE4C /* NetworkServiceFactory.swift */; };
		84D0749E2673224B009CFE4C /* NetworkService.swift in Sources */ = {isa = PBXBuildFile; fileRef = 84D0749D2673224B009CFE4C /* NetworkService.swift */; };
		84D074A02673227C009CFE4C /* BaseAPI.swift in Sources */ = {isa = PBXBuildFile; fileRef = 84D0749F2673227C009CFE4C /* BaseAPI.swift */; };
		84D074A326732296009CFE4C /* API.swift in Sources */ = {isa = PBXBuildFile; fileRef = 84D074A226732296009CFE4C /* API.swift */; };
		84D074A5267322A2009CFE4C /* Request.swift in Sources */ = {isa = PBXBuildFile; fileRef = 84D074A4267322A2009CFE4C /* Request.swift */; };
		84D074A7267322B7009CFE4C /* RequestConfiguration.swift in Sources */ = {isa = PBXBuildFile; fileRef = 84D074A6267322B7009CFE4C /* RequestConfiguration.swift */; };
		84D9B418268AC94000923F86 /* UserDefault.swift in Sources */ = {isa = PBXBuildFile; fileRef = 84D9B417268AC94000923F86 /* UserDefault.swift */; };
		84D9B41A268AC99200923F86 /* UserDefaultsKey.swift in Sources */ = {isa = PBXBuildFile; fileRef = 84D9B419268AC99200923F86 /* UserDefaultsKey.swift */; };
		84D9B41D268ACCC700923F86 /* ApplicationUserDefaultsKeys.swift in Sources */ = {isa = PBXBuildFile; fileRef = 84D9B41C268ACCC700923F86 /* ApplicationUserDefaultsKeys.swift */; };
		84D9B423268AE53500923F86 /* Array+Comparable.swift in Sources */ = {isa = PBXBuildFile; fileRef = 84D9B422268AE53500923F86 /* Array+Comparable.swift */; };
		84FABA0A268C243F00722243 /* DataRequest+APIResponseSerializer.swift in Sources */ = {isa = PBXBuildFile; fileRef = 84FABA09268C243F00722243 /* DataRequest+APIResponseSerializer.swift */; };
		84FABA0C268C331000722243 /* UserStorage.swift in Sources */ = {isa = PBXBuildFile; fileRef = 84FABA0B268C331000722243 /* UserStorage.swift */; };
		84FABA0E268C3C7D00722243 /* SurveyCollectionCellViewModel.swift in Sources */ = {isa = PBXBuildFile; fileRef = 84FABA0D268C3C7D00722243 /* SurveyCollectionCellViewModel.swift */; };
		84FABA12268C55E000722243 /* SurveyListSection.swift in Sources */ = {isa = PBXBuildFile; fileRef = 84FABA11268C55E000722243 /* SurveyListSection.swift */; };
		84FABA16268C5D3F00722243 /* APIResponseSerializer.swift in Sources */ = {isa = PBXBuildFile; fileRef = 84FABA15268C5D3F00722243 /* APIResponseSerializer.swift */; };
		84D9B434268B1B6E00923F86 /* SurveyDetailRouter.swift in Sources */ = {isa = PBXBuildFile; fileRef = 84D9B42F268B1B6E00923F86 /* SurveyDetailRouter.swift */; };
		84D9B435268B1B6E00923F86 /* SurveyDetailModule.swift in Sources */ = {isa = PBXBuildFile; fileRef = 84D9B430268B1B6E00923F86 /* SurveyDetailModule.swift */; };
		84D9B436268B1B6E00923F86 /* SurveyDetailViewController.swift in Sources */ = {isa = PBXBuildFile; fileRef = 84D9B431268B1B6E00923F86 /* SurveyDetailViewController.swift */; };
		84D9B437268B1B6E00923F86 /* SurveyDetailInteractor.swift in Sources */ = {isa = PBXBuildFile; fileRef = 84D9B432268B1B6E00923F86 /* SurveyDetailInteractor.swift */; };
		84D9B438268B1B6E00923F86 /* SurveyDetailPresenter.swift in Sources */ = {isa = PBXBuildFile; fileRef = 84D9B433268B1B6E00923F86 /* SurveyDetailPresenter.swift */; };
		84D9B43A268B1F2600923F86 /* UIViewController+NavigationItem.swift in Sources */ = {isa = PBXBuildFile; fileRef = 84D9B439268B1F2600923F86 /* UIViewController+NavigationItem.swift */; };
		84FABA0A268C243F00722243 /* DataRequest+TwoDecodableResponseHandler.swift in Sources */ = {isa = PBXBuildFile; fileRef = 84FABA09268C243F00722243 /* DataRequest+TwoDecodableResponseHandler.swift */; };
		84FABA0C268C331000722243 /* UserStorage.swift in Sources */ = {isa = PBXBuildFile; fileRef = 84FABA0B268C331000722243 /* UserStorage.swift */; };
		84FABA0E268C3C7D00722243 /* SurveyCollectionCellViewModel.swift in Sources */ = {isa = PBXBuildFile; fileRef = 84FABA0D268C3C7D00722243 /* SurveyCollectionCellViewModel.swift */; };
		84FABA12268C55E000722243 /* SurveyListSection.swift in Sources */ = {isa = PBXBuildFile; fileRef = 84FABA11268C55E000722243 /* SurveyListSection.swift */; };
		84FABA16268C5D3F00722243 /* APIResponseSerializer.swift in Sources */ = {isa = PBXBuildFile; fileRef = 84FABA15268C5D3F00722243 /* APIResponseSerializer.swift */; };
		84FABA1B268C780F00722243 /* FadeZoomViewControllerTransition.swift in Sources */ = {isa = PBXBuildFile; fileRef = 84FABA1A268C780F00722243 /* FadeZoomViewControllerTransition.swift */; };
		9B7F955DE913A978712DD0C5 /* Pods_SurveyApp.framework in Frameworks */ = {isa = PBXBuildFile; fileRef = A1886C8937DC934AF7DF3703 /* Pods_SurveyApp.framework */; };
		A8E664B71593B3A6EA276EA5 /* Pods_SurveyApp_SurveyAppUITests.framework in Frameworks */ = {isa = PBXBuildFile; fileRef = 751E8A159909F8DBE0745D12 /* Pods_SurveyApp_SurveyAppUITests.framework */; };
/* End PBXBuildFile section */

/* Begin PBXContainerItemProxy section */
		842C6F93266DC5AB0017E1CD /* PBXContainerItemProxy */ = {
			isa = PBXContainerItemProxy;
			containerPortal = 842C6F74266DC5AA0017E1CD /* Project object */;
			proxyType = 1;
			remoteGlobalIDString = 842C6F7B266DC5AA0017E1CD;
			remoteInfo = SurveyApp;
		};
		842C6F9E266DC5AB0017E1CD /* PBXContainerItemProxy */ = {
			isa = PBXContainerItemProxy;
			containerPortal = 842C6F74266DC5AA0017E1CD /* Project object */;
			proxyType = 1;
			remoteGlobalIDString = 842C6F7B266DC5AA0017E1CD;
			remoteInfo = SurveyApp;
		};
/* End PBXContainerItemProxy section */

/* Begin PBXFileReference section */
		26D2FAF3B790BC56A29D11A9 /* Pods_SurveyAppTests.framework */ = {isa = PBXFileReference; explicitFileType = wrapper.framework; includeInIndex = 0; path = Pods_SurveyAppTests.framework; sourceTree = BUILT_PRODUCTS_DIR; };
		277CD91DD4FF40046D165966 /* Pods-SurveyApp.staging.xcconfig */ = {isa = PBXFileReference; includeInIndex = 1; lastKnownFileType = text.xcconfig; name = "Pods-SurveyApp.staging.xcconfig"; path = "Target Support Files/Pods-SurveyApp/Pods-SurveyApp.staging.xcconfig"; sourceTree = "<group>"; };
		2F83D67FAA3BCD4C5FEB5399 /* Pods-SurveyApp-SurveyAppUITests.release.xcconfig */ = {isa = PBXFileReference; includeInIndex = 1; lastKnownFileType = text.xcconfig; name = "Pods-SurveyApp-SurveyAppUITests.release.xcconfig"; path = "Target Support Files/Pods-SurveyApp-SurveyAppUITests/Pods-SurveyApp-SurveyAppUITests.release.xcconfig"; sourceTree = "<group>"; };
		481A514E5B47D0679AE6DF6A /* Pods-SurveyApp-SurveyAppUITests.production.xcconfig */ = {isa = PBXFileReference; includeInIndex = 1; lastKnownFileType = text.xcconfig; name = "Pods-SurveyApp-SurveyAppUITests.production.xcconfig"; path = "Target Support Files/Pods-SurveyApp-SurveyAppUITests/Pods-SurveyApp-SurveyAppUITests.production.xcconfig"; sourceTree = "<group>"; };
		4AA1606A2D3F33647A292319 /* Pods-SurveyAppTests.release.xcconfig */ = {isa = PBXFileReference; includeInIndex = 1; lastKnownFileType = text.xcconfig; name = "Pods-SurveyAppTests.release.xcconfig"; path = "Target Support Files/Pods-SurveyAppTests/Pods-SurveyAppTests.release.xcconfig"; sourceTree = "<group>"; };
		7486ED305241E7AAF51C771F /* Pods-SurveyAppTests.staging.xcconfig */ = {isa = PBXFileReference; includeInIndex = 1; lastKnownFileType = text.xcconfig; name = "Pods-SurveyAppTests.staging.xcconfig"; path = "Target Support Files/Pods-SurveyAppTests/Pods-SurveyAppTests.staging.xcconfig"; sourceTree = "<group>"; };
		751E8A159909F8DBE0745D12 /* Pods_SurveyApp_SurveyAppUITests.framework */ = {isa = PBXFileReference; explicitFileType = wrapper.framework; includeInIndex = 0; path = Pods_SurveyApp_SurveyAppUITests.framework; sourceTree = BUILT_PRODUCTS_DIR; };
		797FFD10F58E150DBCEC0F54 /* Pods-SurveyApp.debug.xcconfig */ = {isa = PBXFileReference; includeInIndex = 1; lastKnownFileType = text.xcconfig; name = "Pods-SurveyApp.debug.xcconfig"; path = "Target Support Files/Pods-SurveyApp/Pods-SurveyApp.debug.xcconfig"; sourceTree = "<group>"; };
		8305C3BFE7C5D112F6852D86 /* Pods-SurveyApp.production.xcconfig */ = {isa = PBXFileReference; includeInIndex = 1; lastKnownFileType = text.xcconfig; name = "Pods-SurveyApp.production.xcconfig"; path = "Target Support Files/Pods-SurveyApp/Pods-SurveyApp.production.xcconfig"; sourceTree = "<group>"; };
		83890797198912A42EEEEC6A /* Pods-SurveyApp.release.xcconfig */ = {isa = PBXFileReference; includeInIndex = 1; lastKnownFileType = text.xcconfig; name = "Pods-SurveyApp.release.xcconfig"; path = "Target Support Files/Pods-SurveyApp/Pods-SurveyApp.release.xcconfig"; sourceTree = "<group>"; };
		8416EAF326804E4A00F47617 /* UIView+Round.swift */ = {isa = PBXFileReference; lastKnownFileType = sourcecode.swift; path = "UIView+Round.swift"; sourceTree = "<group>"; };
		8416EAF626804EDA00F47617 /* Date+Formatter.swift */ = {isa = PBXFileReference; lastKnownFileType = sourcecode.swift; path = "Date+Formatter.swift"; sourceTree = "<group>"; };
		8416EAF826804FED00F47617 /* DateFormatter+Format.swift */ = {isa = PBXFileReference; lastKnownFileType = sourcecode.swift; path = "DateFormatter+Format.swift"; sourceTree = "<group>"; };
		8416EAFC2680539400F47617 /* AutoMockable.generated.swift */ = {isa = PBXFileReference; fileEncoding = 4; lastKnownFileType = sourcecode.swift; path = AutoMockable.generated.swift; sourceTree = "<group>"; };
		8416EAFF2680666400F47617 /* SurveyCollectionCell.swift */ = {isa = PBXFileReference; lastKnownFileType = sourcecode.swift; path = SurveyCollectionCell.swift; sourceTree = "<group>"; };
		8416EB0226806FB700F47617 /* Dequeuable.swift */ = {isa = PBXFileReference; lastKnownFileType = sourcecode.swift; path = Dequeuable.swift; sourceTree = "<group>"; };
		84182360268967C4007F5623 /* JSON+SurveyService.swift */ = {isa = PBXFileReference; lastKnownFileType = sourcecode.swift; path = "JSON+SurveyService.swift"; sourceTree = "<group>"; };
		8418236426897A0F007F5623 /* SurveyServiceSpec.swift */ = {isa = PBXFileReference; lastKnownFileType = sourcecode.swift; path = SurveyServiceSpec.swift; sourceTree = "<group>"; };
		8418236726897CFE007F5623 /* Dictionary+QueryParams.swift */ = {isa = PBXFileReference; lastKnownFileType = sourcecode.swift; path = "Dictionary+QueryParams.swift"; sourceTree = "<group>"; };
		84182375268A2D62007F5623 /* HomeInteractorSpec.swift */ = {isa = PBXFileReference; lastKnownFileType = sourcecode.swift; path = HomeInteractorSpec.swift; sourceTree = "<group>"; };
		84182376268A2D62007F5623 /* HomeRouterSpec.swift */ = {isa = PBXFileReference; lastKnownFileType = sourcecode.swift; path = HomeRouterSpec.swift; sourceTree = "<group>"; };
		84182377268A2D62007F5623 /* HomeViewControllerSpec.swift */ = {isa = PBXFileReference; lastKnownFileType = sourcecode.swift; path = HomeViewControllerSpec.swift; sourceTree = "<group>"; };
		84182378268A2D62007F5623 /* HomePresenterSpec.swift */ = {isa = PBXFileReference; lastKnownFileType = sourcecode.swift; path = HomePresenterSpec.swift; sourceTree = "<group>"; };
		84182379268A2D62007F5623 /* HomeModuleSpec.swift */ = {isa = PBXFileReference; lastKnownFileType = sourcecode.swift; path = HomeModuleSpec.swift; sourceTree = "<group>"; };
		8423B97026734D8C0000036F /* AuthToken.swift */ = {isa = PBXFileReference; lastKnownFileType = sourcecode.swift; path = AuthToken.swift; sourceTree = "<group>"; };
		8423B97326734E6A0000036F /* AuthenticationService.swift */ = {isa = PBXFileReference; lastKnownFileType = sourcecode.swift; path = AuthenticationService.swift; sourceTree = "<group>"; };
		84276BC3267AF51C00E87C1A /* JSON.swift */ = {isa = PBXFileReference; lastKnownFileType = sourcecode.swift; path = JSON.swift; sourceTree = "<group>"; };
		84276BC5267AF52D00E87C1A /* JSON+AuthenticationService.swift */ = {isa = PBXFileReference; lastKnownFileType = sourcecode.swift; path = "JSON+AuthenticationService.swift"; sourceTree = "<group>"; };
		84276BCA267AF60000E87C1A /* BaseAPISpec.swift */ = {isa = PBXFileReference; lastKnownFileType = sourcecode.swift; path = BaseAPISpec.swift; sourceTree = "<group>"; };
		84276BCC267AF79B00E87C1A /* UserSessionSpec.swift */ = {isa = PBXFileReference; lastKnownFileType = sourcecode.swift; path = UserSessionSpec.swift; sourceTree = "<group>"; };
		84276BD9267B24E500E87C1A /* JSON+APIError.swift */ = {isa = PBXFileReference; lastKnownFileType = sourcecode.swift; path = "JSON+APIError.swift"; sourceTree = "<group>"; };
		84276BDD267B284D00E87C1A /* AuthenticationServiceSpec.swift */ = {isa = PBXFileReference; lastKnownFileType = sourcecode.swift; path = AuthenticationServiceSpec.swift; sourceTree = "<group>"; };
		84276BE0267B332E00E87C1A /* SplashRouter.swift */ = {isa = PBXFileReference; lastKnownFileType = sourcecode.swift; path = SplashRouter.swift; sourceTree = "<group>"; };
		84276BE1267B332E00E87C1A /* SplashModule.swift */ = {isa = PBXFileReference; lastKnownFileType = sourcecode.swift; path = SplashModule.swift; sourceTree = "<group>"; };
		84276BE2267B332E00E87C1A /* SplashViewController.swift */ = {isa = PBXFileReference; lastKnownFileType = sourcecode.swift; path = SplashViewController.swift; sourceTree = "<group>"; };
		84276BE4267B332E00E87C1A /* SplashPresenter.swift */ = {isa = PBXFileReference; lastKnownFileType = sourcecode.swift; path = SplashPresenter.swift; sourceTree = "<group>"; };
		842C6F7C266DC5AA0017E1CD /* SurveyApp.app */ = {isa = PBXFileReference; explicitFileType = wrapper.application; includeInIndex = 0; path = SurveyApp.app; sourceTree = BUILT_PRODUCTS_DIR; };
		842C6F7F266DC5AA0017E1CD /* AppDelegate.swift */ = {isa = PBXFileReference; lastKnownFileType = sourcecode.swift; path = AppDelegate.swift; sourceTree = "<group>"; };
		842C6F81266DC5AA0017E1CD /* SceneDelegate.swift */ = {isa = PBXFileReference; lastKnownFileType = sourcecode.swift; path = SceneDelegate.swift; sourceTree = "<group>"; };
		842C6F88266DC5AB0017E1CD /* Assets.xcassets */ = {isa = PBXFileReference; lastKnownFileType = folder.assetcatalog; path = Assets.xcassets; sourceTree = "<group>"; };
		842C6F8B266DC5AB0017E1CD /* Base */ = {isa = PBXFileReference; lastKnownFileType = file.storyboard; name = Base; path = Base.lproj/LaunchScreen.storyboard; sourceTree = "<group>"; };
		842C6F92266DC5AB0017E1CD /* SurveyAppTests.xctest */ = {isa = PBXFileReference; explicitFileType = wrapper.cfbundle; includeInIndex = 0; path = SurveyAppTests.xctest; sourceTree = BUILT_PRODUCTS_DIR; };
		842C6F98266DC5AB0017E1CD /* Info.plist */ = {isa = PBXFileReference; lastKnownFileType = text.plist.xml; path = Info.plist; sourceTree = "<group>"; };
		842C6F9D266DC5AB0017E1CD /* SurveyAppUITests.xctest */ = {isa = PBXFileReference; explicitFileType = wrapper.cfbundle; includeInIndex = 0; path = SurveyAppUITests.xctest; sourceTree = BUILT_PRODUCTS_DIR; };
		842C6FA1266DC5AB0017E1CD /* SurveyAppUITests.swift */ = {isa = PBXFileReference; lastKnownFileType = sourcecode.swift; path = SurveyAppUITests.swift; sourceTree = "<group>"; };
		842C6FA3266DC5AB0017E1CD /* Info.plist */ = {isa = PBXFileReference; lastKnownFileType = text.plist.xml; path = Info.plist; sourceTree = "<group>"; };
		8433C92E268180AC00EAF157 /* AnimatedCollectionView.swift */ = {isa = PBXFileReference; lastKnownFileType = sourcecode.swift; path = AnimatedCollectionView.swift; sourceTree = "<group>"; };
		8434816E2677626F00B7990A /* String+Email.swift */ = {isa = PBXFileReference; lastKnownFileType = sourcecode.swift; path = "String+Email.swift"; sourceTree = "<group>"; };
		843AB4D2266DCB5E00EC3F28 /* LoginRouter.swift */ = {isa = PBXFileReference; lastKnownFileType = sourcecode.swift; path = LoginRouter.swift; sourceTree = "<group>"; };
		843AB4D3266DCB5E00EC3F28 /* LoginModule.swift */ = {isa = PBXFileReference; lastKnownFileType = sourcecode.swift; path = LoginModule.swift; sourceTree = "<group>"; };
		843AB4D4266DCB5E00EC3F28 /* LoginViewController.swift */ = {isa = PBXFileReference; lastKnownFileType = sourcecode.swift; path = LoginViewController.swift; sourceTree = "<group>"; };
		843AB4D5266DCB5E00EC3F28 /* LoginInteractor.swift */ = {isa = PBXFileReference; lastKnownFileType = sourcecode.swift; path = LoginInteractor.swift; sourceTree = "<group>"; };
		843AB4D6266DCB5E00EC3F28 /* LoginPresenter.swift */ = {isa = PBXFileReference; lastKnownFileType = sourcecode.swift; path = LoginPresenter.swift; sourceTree = "<group>"; };
		843AB56B266DD34300EC3F28 /* Info.plist */ = {isa = PBXFileReference; lastKnownFileType = text.plist.xml; path = Info.plist; sourceTree = "<group>"; };
		843AB5FA266E2AAE00EC3F28 /* .swiftlint.yml */ = {isa = PBXFileReference; lastKnownFileType = text.yaml; path = .swiftlint.yml; sourceTree = "<group>"; };
		8448C2392679F9F4005955D4 /* UserCredential.swift */ = {isa = PBXFileReference; lastKnownFileType = sourcecode.swift; path = UserCredential.swift; sourceTree = "<group>"; };
		8448C23C2679FA90005955D4 /* KeychainStorage.swift */ = {isa = PBXFileReference; lastKnownFileType = sourcecode.swift; path = KeychainStorage.swift; sourceTree = "<group>"; };
		8448C23E2679FA97005955D4 /* KeychainKeys.swift */ = {isa = PBXFileReference; lastKnownFileType = sourcecode.swift; path = KeychainKeys.swift; sourceTree = "<group>"; };
		8448C2402679FAFF005955D4 /* UserSession.swift */ = {isa = PBXFileReference; lastKnownFileType = sourcecode.swift; path = UserSession.swift; sourceTree = "<group>"; };
		8448C2422679FB1E005955D4 /* UserSessionProvider.swift */ = {isa = PBXFileReference; lastKnownFileType = sourcecode.swift; path = UserSessionProvider.swift; sourceTree = "<group>"; };
		844CEBB4267C55EE0057FCF7 /* UIViewController+Error.swift */ = {isa = PBXFileReference; lastKnownFileType = sourcecode.swift; path = "UIViewController+Error.swift"; sourceTree = "<group>"; };
		846483FF267757D100233656 /* ErrorView.swift */ = {isa = PBXFileReference; lastKnownFileType = sourcecode.swift; path = ErrorView.swift; sourceTree = "<group>"; };
		8464840226775D6700233656 /* HomeRouter.swift */ = {isa = PBXFileReference; lastKnownFileType = sourcecode.swift; path = HomeRouter.swift; sourceTree = "<group>"; };
		8464840326775D6700233656 /* HomeModule.swift */ = {isa = PBXFileReference; lastKnownFileType = sourcecode.swift; path = HomeModule.swift; sourceTree = "<group>"; };
		8464840426775D6700233656 /* HomeViewController.swift */ = {isa = PBXFileReference; lastKnownFileType = sourcecode.swift; path = HomeViewController.swift; sourceTree = "<group>"; };
		8464840526775D6700233656 /* HomeInteractor.swift */ = {isa = PBXFileReference; lastKnownFileType = sourcecode.swift; path = HomeInteractor.swift; sourceTree = "<group>"; };
		8464840626775D6700233656 /* HomePresenter.swift */ = {isa = PBXFileReference; lastKnownFileType = sourcecode.swift; path = HomePresenter.swift; sourceTree = "<group>"; };
		848A00AB2685AA510019A426 /* SurveyResponse.swift */ = {isa = PBXFileReference; lastKnownFileType = sourcecode.swift; path = SurveyResponse.swift; sourceTree = "<group>"; };
		84A0AB5E26706AC4005EBF9A /* CredentialTextField.swift */ = {isa = PBXFileReference; lastKnownFileType = sourcecode.swift; path = CredentialTextField.swift; sourceTree = "<group>"; };
		84A0AB6426708954005EBF9A /* R.swift+Typealias.swift */ = {isa = PBXFileReference; lastKnownFileType = sourcecode.swift; path = "R.swift+Typealias.swift"; sourceTree = "<group>"; };
		84A0AB6A26708CFE005EBF9A /* en */ = {isa = PBXFileReference; lastKnownFileType = text.plist.strings; name = en; path = en.lproj/Localizable.strings; sourceTree = "<group>"; };
		84A361CE26845C6200A369E7 /* SplashRouterSpec.swift */ = {isa = PBXFileReference; lastKnownFileType = sourcecode.swift; path = SplashRouterSpec.swift; sourceTree = "<group>"; };
		84A361CF26845C6200A369E7 /* SplashViewControllerSpec.swift */ = {isa = PBXFileReference; lastKnownFileType = sourcecode.swift; path = SplashViewControllerSpec.swift; sourceTree = "<group>"; };
		84A361D026845C6200A369E7 /* SplashPresenterSpec.swift */ = {isa = PBXFileReference; lastKnownFileType = sourcecode.swift; path = SplashPresenterSpec.swift; sourceTree = "<group>"; };
		84A361D126845C6200A369E7 /* SplashModuleSpec.swift */ = {isa = PBXFileReference; lastKnownFileType = sourcecode.swift; path = SplashModuleSpec.swift; sourceTree = "<group>"; };
		84A361D7268467DE00A369E7 /* SplashInteractorSpec.swift */ = {isa = PBXFileReference; lastKnownFileType = sourcecode.swift; path = SplashInteractorSpec.swift; sourceTree = "<group>"; };
		84A361DA26848C8C00A369E7 /* SurveyService.swift */ = {isa = PBXFileReference; lastKnownFileType = sourcecode.swift; path = SurveyService.swift; sourceTree = "<group>"; };
		84A361DD26848CFD00A369E7 /* Survey.swift */ = {isa = PBXFileReference; lastKnownFileType = sourcecode.swift; path = Survey.swift; sourceTree = "<group>"; };
		84A361DF2684904100A369E7 /* AuthenticationInterceptor.swift */ = {isa = PBXFileReference; lastKnownFileType = sourcecode.swift; path = AuthenticationInterceptor.swift; sourceTree = "<group>"; };
		84AC054E2682E05A00218DC2 /* SplashInteractor.swift */ = {isa = PBXFileReference; lastKnownFileType = sourcecode.swift; path = SplashInteractor.swift; sourceTree = "<group>"; };
		84BE695F266F4446001DE0C3 /* UIFont+Size.swift */ = {isa = PBXFileReference; lastKnownFileType = sourcecode.swift; path = "UIFont+Size.swift"; sourceTree = "<group>"; };
		84C8D6702681CE5F00961CF8 /* LoginInteractorSpec.swift */ = {isa = PBXFileReference; lastKnownFileType = sourcecode.swift; path = LoginInteractorSpec.swift; sourceTree = "<group>"; };
		84C8D6712681CE5F00961CF8 /* LoginRouterSpec.swift */ = {isa = PBXFileReference; lastKnownFileType = sourcecode.swift; path = LoginRouterSpec.swift; sourceTree = "<group>"; };
		84C8D6722681CE5F00961CF8 /* LoginViewControllerSpec.swift */ = {isa = PBXFileReference; lastKnownFileType = sourcecode.swift; path = LoginViewControllerSpec.swift; sourceTree = "<group>"; };
		84C8D6732681CE5F00961CF8 /* LoginPresenterSpec.swift */ = {isa = PBXFileReference; lastKnownFileType = sourcecode.swift; path = LoginPresenterSpec.swift; sourceTree = "<group>"; };
		84C8D6742681CE5F00961CF8 /* LoginModuleSpec.swift */ = {isa = PBXFileReference; lastKnownFileType = sourcecode.swift; path = LoginModuleSpec.swift; sourceTree = "<group>"; };
		84D0748826731FFC009CFE4C /* R.generated.swift */ = {isa = PBXFileReference; fileEncoding = 4; lastKnownFileType = sourcecode.swift; path = R.generated.swift; sourceTree = "<group>"; };
		84D0748E26732128009CFE4C /* Environment.swift */ = {isa = PBXFileReference; lastKnownFileType = sourcecode.swift; path = Environment.swift; sourceTree = "<group>"; };
		84D0749026732140009CFE4C /* Constants.swift */ = {isa = PBXFileReference; lastKnownFileType = sourcecode.swift; path = Constants.swift; sourceTree = "<group>"; };
		84D074922673214C009CFE4C /* Typealias.swift */ = {isa = PBXFileReference; lastKnownFileType = sourcecode.swift; path = Typealias.swift; sourceTree = "<group>"; };
		84D07495267321D7009CFE4C /* APIError.swift */ = {isa = PBXFileReference; lastKnownFileType = sourcecode.swift; path = APIError.swift; sourceTree = "<group>"; };
		84D0749B26732231009CFE4C /* NetworkServiceFactory.swift */ = {isa = PBXFileReference; lastKnownFileType = sourcecode.swift; path = NetworkServiceFactory.swift; sourceTree = "<group>"; };
		84D0749D2673224B009CFE4C /* NetworkService.swift */ = {isa = PBXFileReference; lastKnownFileType = sourcecode.swift; path = NetworkService.swift; sourceTree = "<group>"; };
		84D0749F2673227C009CFE4C /* BaseAPI.swift */ = {isa = PBXFileReference; lastKnownFileType = sourcecode.swift; path = BaseAPI.swift; sourceTree = "<group>"; };
		84D074A226732296009CFE4C /* API.swift */ = {isa = PBXFileReference; lastKnownFileType = sourcecode.swift; path = API.swift; sourceTree = "<group>"; };
		84D074A4267322A2009CFE4C /* Request.swift */ = {isa = PBXFileReference; lastKnownFileType = sourcecode.swift; path = Request.swift; sourceTree = "<group>"; };
		84D074A6267322B7009CFE4C /* RequestConfiguration.swift */ = {isa = PBXFileReference; lastKnownFileType = sourcecode.swift; path = RequestConfiguration.swift; sourceTree = "<group>"; };
		84D9B417268AC94000923F86 /* UserDefault.swift */ = {isa = PBXFileReference; lastKnownFileType = sourcecode.swift; path = UserDefault.swift; sourceTree = "<group>"; };
		84D9B419268AC99200923F86 /* UserDefaultsKey.swift */ = {isa = PBXFileReference; lastKnownFileType = sourcecode.swift; path = UserDefaultsKey.swift; sourceTree = "<group>"; };
		84D9B41C268ACCC700923F86 /* ApplicationUserDefaultsKeys.swift */ = {isa = PBXFileReference; lastKnownFileType = sourcecode.swift; path = ApplicationUserDefaultsKeys.swift; sourceTree = "<group>"; };
		84D9B422268AE53500923F86 /* Array+Comparable.swift */ = {isa = PBXFileReference; lastKnownFileType = sourcecode.swift; path = "Array+Comparable.swift"; sourceTree = "<group>"; };
		84FABA09268C243F00722243 /* DataRequest+APIResponseSerializer.swift */ = {isa = PBXFileReference; lastKnownFileType = sourcecode.swift; path = "DataRequest+APIResponseSerializer.swift"; sourceTree = "<group>"; };
		84FABA0B268C331000722243 /* UserStorage.swift */ = {isa = PBXFileReference; lastKnownFileType = sourcecode.swift; path = UserStorage.swift; sourceTree = "<group>"; };
		84FABA0D268C3C7D00722243 /* SurveyCollectionCellViewModel.swift */ = {isa = PBXFileReference; lastKnownFileType = sourcecode.swift; path = SurveyCollectionCellViewModel.swift; sourceTree = "<group>"; };
		84FABA11268C55E000722243 /* SurveyListSection.swift */ = {isa = PBXFileReference; lastKnownFileType = sourcecode.swift; path = SurveyListSection.swift; sourceTree = "<group>"; };
		84FABA15268C5D3F00722243 /* APIResponseSerializer.swift */ = {isa = PBXFileReference; lastKnownFileType = sourcecode.swift; path = APIResponseSerializer.swift; sourceTree = "<group>"; };
		84D9B42F268B1B6E00923F86 /* SurveyDetailRouter.swift */ = {isa = PBXFileReference; lastKnownFileType = sourcecode.swift; path = SurveyDetailRouter.swift; sourceTree = "<group>"; };
		84D9B430268B1B6E00923F86 /* SurveyDetailModule.swift */ = {isa = PBXFileReference; lastKnownFileType = sourcecode.swift; path = SurveyDetailModule.swift; sourceTree = "<group>"; };
		84D9B431268B1B6E00923F86 /* SurveyDetailViewController.swift */ = {isa = PBXFileReference; lastKnownFileType = sourcecode.swift; path = SurveyDetailViewController.swift; sourceTree = "<group>"; };
		84D9B432268B1B6E00923F86 /* SurveyDetailInteractor.swift */ = {isa = PBXFileReference; lastKnownFileType = sourcecode.swift; path = SurveyDetailInteractor.swift; sourceTree = "<group>"; };
		84D9B433268B1B6E00923F86 /* SurveyDetailPresenter.swift */ = {isa = PBXFileReference; lastKnownFileType = sourcecode.swift; path = SurveyDetailPresenter.swift; sourceTree = "<group>"; };
		84D9B439268B1F2600923F86 /* UIViewController+NavigationItem.swift */ = {isa = PBXFileReference; lastKnownFileType = sourcecode.swift; path = "UIViewController+NavigationItem.swift"; sourceTree = "<group>"; };
		84FABA09268C243F00722243 /* DataRequest+TwoDecodableResponseHandler.swift */ = {isa = PBXFileReference; lastKnownFileType = sourcecode.swift; path = "DataRequest+TwoDecodableResponseHandler.swift"; sourceTree = "<group>"; };
		84FABA0B268C331000722243 /* UserStorage.swift */ = {isa = PBXFileReference; lastKnownFileType = sourcecode.swift; path = UserStorage.swift; sourceTree = "<group>"; };
		84FABA0D268C3C7D00722243 /* SurveyCollectionCellViewModel.swift */ = {isa = PBXFileReference; lastKnownFileType = sourcecode.swift; path = SurveyCollectionCellViewModel.swift; sourceTree = "<group>"; };
		84FABA11268C55E000722243 /* SurveyListSection.swift */ = {isa = PBXFileReference; lastKnownFileType = sourcecode.swift; path = SurveyListSection.swift; sourceTree = "<group>"; };
		84FABA15268C5D3F00722243 /* APIResponseSerializer.swift */ = {isa = PBXFileReference; lastKnownFileType = sourcecode.swift; path = APIResponseSerializer.swift; sourceTree = "<group>"; };
		84FABA1A268C780F00722243 /* FadeZoomViewControllerTransition.swift */ = {isa = PBXFileReference; lastKnownFileType = sourcecode.swift; path = FadeZoomViewControllerTransition.swift; sourceTree = "<group>"; };
		88D92D34CAFA1D129AE0F111 /* Pods-SurveyAppTests.debug.xcconfig */ = {isa = PBXFileReference; includeInIndex = 1; lastKnownFileType = text.xcconfig; name = "Pods-SurveyAppTests.debug.xcconfig"; path = "Target Support Files/Pods-SurveyAppTests/Pods-SurveyAppTests.debug.xcconfig"; sourceTree = "<group>"; };
		A1886C8937DC934AF7DF3703 /* Pods_SurveyApp.framework */ = {isa = PBXFileReference; explicitFileType = wrapper.framework; includeInIndex = 0; path = Pods_SurveyApp.framework; sourceTree = BUILT_PRODUCTS_DIR; };
		CEEA0C649A9194A3912C91EE /* Pods-SurveyAppTests.production.xcconfig */ = {isa = PBXFileReference; includeInIndex = 1; lastKnownFileType = text.xcconfig; name = "Pods-SurveyAppTests.production.xcconfig"; path = "Target Support Files/Pods-SurveyAppTests/Pods-SurveyAppTests.production.xcconfig"; sourceTree = "<group>"; };
		D1E8C064FBEFA06662AC25EE /* Pods-SurveyApp-SurveyAppUITests.debug.xcconfig */ = {isa = PBXFileReference; includeInIndex = 1; lastKnownFileType = text.xcconfig; name = "Pods-SurveyApp-SurveyAppUITests.debug.xcconfig"; path = "Target Support Files/Pods-SurveyApp-SurveyAppUITests/Pods-SurveyApp-SurveyAppUITests.debug.xcconfig"; sourceTree = "<group>"; };
		FA122BBFB5F93B7CEB69586A /* Pods-SurveyApp-SurveyAppUITests.staging.xcconfig */ = {isa = PBXFileReference; includeInIndex = 1; lastKnownFileType = text.xcconfig; name = "Pods-SurveyApp-SurveyAppUITests.staging.xcconfig"; path = "Target Support Files/Pods-SurveyApp-SurveyAppUITests/Pods-SurveyApp-SurveyAppUITests.staging.xcconfig"; sourceTree = "<group>"; };
/* End PBXFileReference section */

/* Begin PBXFrameworksBuildPhase section */
		842C6F79266DC5AA0017E1CD /* Frameworks */ = {
			isa = PBXFrameworksBuildPhase;
			buildActionMask = 2147483647;
			files = (
				9B7F955DE913A978712DD0C5 /* Pods_SurveyApp.framework in Frameworks */,
			);
			runOnlyForDeploymentPostprocessing = 0;
		};
		842C6F8F266DC5AB0017E1CD /* Frameworks */ = {
			isa = PBXFrameworksBuildPhase;
			buildActionMask = 2147483647;
			files = (
				23776A9B91DAFE4E58509E4A /* Pods_SurveyAppTests.framework in Frameworks */,
			);
			runOnlyForDeploymentPostprocessing = 0;
		};
		842C6F9A266DC5AB0017E1CD /* Frameworks */ = {
			isa = PBXFrameworksBuildPhase;
			buildActionMask = 2147483647;
			files = (
				A8E664B71593B3A6EA276EA5 /* Pods_SurveyApp_SurveyAppUITests.framework in Frameworks */,
			);
			runOnlyForDeploymentPostprocessing = 0;
		};
/* End PBXFrameworksBuildPhase section */

/* Begin PBXGroup section */
		1B7DE08B7BF35915CF4E3523 /* Pods */ = {
			isa = PBXGroup;
			children = (
				797FFD10F58E150DBCEC0F54 /* Pods-SurveyApp.debug.xcconfig */,
				83890797198912A42EEEEC6A /* Pods-SurveyApp.release.xcconfig */,
				D1E8C064FBEFA06662AC25EE /* Pods-SurveyApp-SurveyAppUITests.debug.xcconfig */,
				2F83D67FAA3BCD4C5FEB5399 /* Pods-SurveyApp-SurveyAppUITests.release.xcconfig */,
				88D92D34CAFA1D129AE0F111 /* Pods-SurveyAppTests.debug.xcconfig */,
				4AA1606A2D3F33647A292319 /* Pods-SurveyAppTests.release.xcconfig */,
				277CD91DD4FF40046D165966 /* Pods-SurveyApp.staging.xcconfig */,
				8305C3BFE7C5D112F6852D86 /* Pods-SurveyApp.production.xcconfig */,
				FA122BBFB5F93B7CEB69586A /* Pods-SurveyApp-SurveyAppUITests.staging.xcconfig */,
				481A514E5B47D0679AE6DF6A /* Pods-SurveyApp-SurveyAppUITests.production.xcconfig */,
				7486ED305241E7AAF51C771F /* Pods-SurveyAppTests.staging.xcconfig */,
				CEEA0C649A9194A3912C91EE /* Pods-SurveyAppTests.production.xcconfig */,
			);
			path = Pods;
			sourceTree = "<group>";
		};
		6331831D81ADCC11BC0FAEA9 /* Frameworks */ = {
			isa = PBXGroup;
			children = (
				A1886C8937DC934AF7DF3703 /* Pods_SurveyApp.framework */,
				751E8A159909F8DBE0745D12 /* Pods_SurveyApp_SurveyAppUITests.framework */,
				26D2FAF3B790BC56A29D11A9 /* Pods_SurveyAppTests.framework */,
			);
			name = Frameworks;
			sourceTree = "<group>";
		};
		8416EAF226804E3F00F47617 /* UIView */ = {
			isa = PBXGroup;
			children = (
				8416EAF326804E4A00F47617 /* UIView+Round.swift */,
			);
			path = UIView;
			sourceTree = "<group>";
		};
		8416EAF526804EC400F47617 /* Date */ = {
			isa = PBXGroup;
			children = (
				8416EAF626804EDA00F47617 /* Date+Formatter.swift */,
				8416EAF826804FED00F47617 /* DateFormatter+Format.swift */,
			);
			path = Date;
			sourceTree = "<group>";
		};
		8416EAFA2680533500F47617 /* AutoGeneratedProtocolsMocks */ = {
			isa = PBXGroup;
			children = (
				8416EAFC2680539400F47617 /* AutoMockable.generated.swift */,
			);
			path = AutoGeneratedProtocolsMocks;
			sourceTree = "<group>";
		};
		8416EAFE268065C900F47617 /* Cell */ = {
			isa = PBXGroup;
			children = (
				8416EAFF2680666400F47617 /* SurveyCollectionCell.swift */,
				84FABA0D268C3C7D00722243 /* SurveyCollectionCellViewModel.swift */,
				84FABA11268C55E000722243 /* SurveyListSection.swift */,
			);
			path = Cell;
			sourceTree = "<group>";
		};
		8416EB0126806FA200F47617 /* Helpers */ = {
			isa = PBXGroup;
			children = (
				8416EB0226806FB700F47617 /* Dequeuable.swift */,
			);
			path = Helpers;
			sourceTree = "<group>";
		};
		8418236626897CD7007F5623 /* Utilities */ = {
			isa = PBXGroup;
			children = (
				8418236726897CFE007F5623 /* Dictionary+QueryParams.swift */,
			);
			path = Utilities;
			sourceTree = "<group>";
		};
		84182374268A2D50007F5623 /* Home */ = {
			isa = PBXGroup;
			children = (
				84182375268A2D62007F5623 /* HomeInteractorSpec.swift */,
				84182376268A2D62007F5623 /* HomeRouterSpec.swift */,
				84182377268A2D62007F5623 /* HomeViewControllerSpec.swift */,
				84182378268A2D62007F5623 /* HomePresenterSpec.swift */,
				84182379268A2D62007F5623 /* HomeModuleSpec.swift */,
			);
			path = Home;
			sourceTree = "<group>";
		};
		8423B96F26734D7E0000036F /* Authentication */ = {
			isa = PBXGroup;
			children = (
				8423B97026734D8C0000036F /* AuthToken.swift */,
				8448C2392679F9F4005955D4 /* UserCredential.swift */,
			);
			path = Authentication;
			sourceTree = "<group>";
		};
		8423B97226734E410000036F /* Authentication */ = {
			isa = PBXGroup;
			children = (
				8423B97326734E6A0000036F /* AuthenticationService.swift */,
			);
			path = Authentication;
			sourceTree = "<group>";
		};
		84276BC1267AF4FD00E87C1A /* JSONs */ = {
			isa = PBXGroup;
			children = (
				84276BC3267AF51C00E87C1A /* JSON.swift */,
				84276BC5267AF52D00E87C1A /* JSON+AuthenticationService.swift */,
				84276BD9267B24E500E87C1A /* JSON+APIError.swift */,
				84182360268967C4007F5623 /* JSON+SurveyService.swift */,
			);
			path = JSONs;
			sourceTree = "<group>";
		};
		84276BC2267AF50100E87C1A /* Tests */ = {
			isa = PBXGroup;
			children = (
				8418236626897CD7007F5623 /* Utilities */,
				84C8D66E2681CE5300961CF8 /* Modules */,
				84276BC7267AF54200E87C1A /* Services */,
			);
			path = Tests;
			sourceTree = "<group>";
		};
		84276BC7267AF54200E87C1A /* Services */ = {
			isa = PBXGroup;
			children = (
				84276BC8267AF54500E87C1A /* Network */,
			);
			path = Services;
			sourceTree = "<group>";
		};
		84276BC8267AF54500E87C1A /* Network */ = {
			isa = PBXGroup;
			children = (
				84276BDC267B283E00E87C1A /* Services */,
				84276BC9267AF54800E87C1A /* API */,
			);
			path = Network;
			sourceTree = "<group>";
		};
		84276BC9267AF54800E87C1A /* API */ = {
			isa = PBXGroup;
			children = (
				84276BCA267AF60000E87C1A /* BaseAPISpec.swift */,
				84276BCC267AF79B00E87C1A /* UserSessionSpec.swift */,
			);
			path = API;
			sourceTree = "<group>";
		};
		84276BDC267B283E00E87C1A /* Services */ = {
			isa = PBXGroup;
			children = (
				84276BDD267B284D00E87C1A /* AuthenticationServiceSpec.swift */,
				8418236426897A0F007F5623 /* SurveyServiceSpec.swift */,
			);
			path = Services;
			sourceTree = "<group>";
		};
		84276BDF267B331F00E87C1A /* Splash */ = {
			isa = PBXGroup;
			children = (
				84276BE0267B332E00E87C1A /* SplashRouter.swift */,
				84276BE1267B332E00E87C1A /* SplashModule.swift */,
				84276BE2267B332E00E87C1A /* SplashViewController.swift */,
				84276BE4267B332E00E87C1A /* SplashPresenter.swift */,
				84AC054E2682E05A00218DC2 /* SplashInteractor.swift */,
			);
			path = Splash;
			sourceTree = "<group>";
		};
		842C6F73266DC5AA0017E1CD = {
			isa = PBXGroup;
			children = (
				843AB5FA266E2AAE00EC3F28 /* .swiftlint.yml */,
				842C6F7E266DC5AA0017E1CD /* SurveyApp */,
				842C6F95266DC5AB0017E1CD /* SurveyAppTests */,
				842C6FA0266DC5AB0017E1CD /* SurveyAppUITests */,
				842C6F7D266DC5AA0017E1CD /* Products */,
				1B7DE08B7BF35915CF4E3523 /* Pods */,
				6331831D81ADCC11BC0FAEA9 /* Frameworks */,
			);
			sourceTree = "<group>";
		};
		842C6F7D266DC5AA0017E1CD /* Products */ = {
			isa = PBXGroup;
			children = (
				842C6F7C266DC5AA0017E1CD /* SurveyApp.app */,
				842C6F92266DC5AB0017E1CD /* SurveyAppTests.xctest */,
				842C6F9D266DC5AB0017E1CD /* SurveyAppUITests.xctest */,
			);
			name = Products;
			sourceTree = "<group>";
		};
		842C6F7E266DC5AA0017E1CD /* SurveyApp */ = {
			isa = PBXGroup;
			children = (
				84D07494267321CD009CFE4C /* Models */,
				84D0748B26732105009CFE4C /* Utilities */,
				843AB4CF266DC9FD00EC3F28 /* Views */,
				843AB4CE266DC9F000EC3F28 /* Services */,
				843AB4CC266DC9D700EC3F28 /* Extensions */,
				842C6FB3266DC8510017E1CD /* Modules */,
				842C6FAF266DC6AB0017E1CD /* Application */,
				843AB56B266DD34300EC3F28 /* Info.plist */,
			);
			path = SurveyApp;
			sourceTree = "<group>";
		};
		842C6F95266DC5AB0017E1CD /* SurveyAppTests */ = {
			isa = PBXGroup;
			children = (
				8416EAFA2680533500F47617 /* AutoGeneratedProtocolsMocks */,
				84276BC2267AF50100E87C1A /* Tests */,
				84276BC1267AF4FD00E87C1A /* JSONs */,
				842C6F98266DC5AB0017E1CD /* Info.plist */,
			);
			path = SurveyAppTests;
			sourceTree = "<group>";
		};
		842C6FA0266DC5AB0017E1CD /* SurveyAppUITests */ = {
			isa = PBXGroup;
			children = (
				842C6FA1266DC5AB0017E1CD /* SurveyAppUITests.swift */,
				842C6FA3266DC5AB0017E1CD /* Info.plist */,
			);
			path = SurveyAppUITests;
			sourceTree = "<group>";
		};
		842C6FAF266DC6AB0017E1CD /* Application */ = {
			isa = PBXGroup;
			children = (
				842C6FB1266DC7220017E1CD /* Resources */,
				842C6FB0266DC70C0017E1CD /* AppDelegate */,
			);
			path = Application;
			sourceTree = "<group>";
		};
		842C6FB0266DC70C0017E1CD /* AppDelegate */ = {
			isa = PBXGroup;
			children = (
				842C6F7F266DC5AA0017E1CD /* AppDelegate.swift */,
				842C6F81266DC5AA0017E1CD /* SceneDelegate.swift */,
			);
			path = AppDelegate;
			sourceTree = "<group>";
		};
		842C6FB1266DC7220017E1CD /* Resources */ = {
			isa = PBXGroup;
			children = (
				84A0AB632670893F005EBF9A /* R.swift */,
				842C6FB2266DC72F0017E1CD /* Base.lproj */,
				842C6F88266DC5AB0017E1CD /* Assets.xcassets */,
			);
			path = Resources;
			sourceTree = "<group>";
		};
		842C6FB2266DC72F0017E1CD /* Base.lproj */ = {
			isa = PBXGroup;
			children = (
				84A0AB6826708AD9005EBF9A /* en.lproj */,
				842C6F8A266DC5AB0017E1CD /* LaunchScreen.storyboard */,
			);
			path = Base.lproj;
			sourceTree = "<group>";
		};
		842C6FB3266DC8510017E1CD /* Modules */ = {
			isa = PBXGroup;
			children = (
				84D9B424268B195600923F86 /* SurveyDetail */,
				8464840126775D5A00233656 /* Home */,
				84276BDF267B331F00E87C1A /* Splash */,
				843AB4D1266DCB3E00EC3F28 /* Login */,
			);
			path = Modules;
			sourceTree = "<group>";
		};
		8433C92D2681809700EAF157 /* CollectionView */ = {
			isa = PBXGroup;
			children = (
				8433C92E268180AC00EAF157 /* AnimatedCollectionView.swift */,
			);
			path = CollectionView;
			sourceTree = "<group>";
		};
		8434816D2677625F00B7990A /* String */ = {
			isa = PBXGroup;
			children = (
				8434816E2677626F00B7990A /* String+Email.swift */,
			);
			path = String;
			sourceTree = "<group>";
		};
		843AB4CC266DC9D700EC3F28 /* Extensions */ = {
			isa = PBXGroup;
			children = (
				84D9B421268AE52800923F86 /* Array */,
				8416EAF526804EC400F47617 /* Date */,
				8434816D2677625F00B7990A /* String */,
				84BE6958266F4400001DE0C3 /* UIKit */,
				84FABA09268C243F00722243 /* DataRequest+APIResponseSerializer.swift */,
			);
			path = Extensions;
			sourceTree = "<group>";
		};
		843AB4CE266DC9F000EC3F28 /* Services */ = {
			isa = PBXGroup;
			children = (
				8448C23B2679FA7F005955D4 /* Keychain */,
				84D07497267321EC009CFE4C /* Network */,
			);
			path = Services;
			sourceTree = "<group>";
		};
		843AB4CF266DC9FD00EC3F28 /* Views */ = {
			isa = PBXGroup;
			children = (
				84FABA17268C77AE00722243 /* Transition */,
				8433C92D2681809700EAF157 /* CollectionView */,
				846483FE267757C500233656 /* ErrorView */,
				84A0AB5E26706AC4005EBF9A /* CredentialTextField.swift */,
			);
			path = Views;
			sourceTree = "<group>";
		};
		843AB4D1266DCB3E00EC3F28 /* Login */ = {
			isa = PBXGroup;
			children = (
				843AB4D2266DCB5E00EC3F28 /* LoginRouter.swift */,
				843AB4D3266DCB5E00EC3F28 /* LoginModule.swift */,
				843AB4D4266DCB5E00EC3F28 /* LoginViewController.swift */,
				843AB4D5266DCB5E00EC3F28 /* LoginInteractor.swift */,
				843AB4D6266DCB5E00EC3F28 /* LoginPresenter.swift */,
			);
			path = Login;
			sourceTree = "<group>";
		};
		8448C23B2679FA7F005955D4 /* Keychain */ = {
			isa = PBXGroup;
			children = (
				8448C23C2679FA90005955D4 /* KeychainStorage.swift */,
				8448C23E2679FA97005955D4 /* KeychainKeys.swift */,
			);
			path = Keychain;
			sourceTree = "<group>";
		};
		844CEBB3267C55B50057FCF7 /* UIViewController */ = {
			isa = PBXGroup;
			children = (
				844CEBB4267C55EE0057FCF7 /* UIViewController+Error.swift */,
				84D9B439268B1F2600923F86 /* UIViewController+NavigationItem.swift */,
			);
			path = UIViewController;
			sourceTree = "<group>";
		};
		846483FE267757C500233656 /* ErrorView */ = {
			isa = PBXGroup;
			children = (
				846483FF267757D100233656 /* ErrorView.swift */,
			);
			path = ErrorView;
			sourceTree = "<group>";
		};
		8464840126775D5A00233656 /* Home */ = {
			isa = PBXGroup;
			children = (
				8416EAFE268065C900F47617 /* Cell */,
				8464840226775D6700233656 /* HomeRouter.swift */,
				8464840326775D6700233656 /* HomeModule.swift */,
				8464840426775D6700233656 /* HomeViewController.swift */,
				8464840526775D6700233656 /* HomeInteractor.swift */,
				8464840626775D6700233656 /* HomePresenter.swift */,
			);
			path = Home;
			sourceTree = "<group>";
		};
		84A0AB632670893F005EBF9A /* R.swift */ = {
			isa = PBXGroup;
			children = (
				84D0748826731FFC009CFE4C /* R.generated.swift */,
				84A0AB6426708954005EBF9A /* R.swift+Typealias.swift */,
			);
			path = R.swift;
			sourceTree = "<group>";
		};
		84A0AB6826708AD9005EBF9A /* en.lproj */ = {
			isa = PBXGroup;
			children = (
				84A0AB6B26708CFE005EBF9A /* Localizable.strings */,
			);
			path = en.lproj;
			sourceTree = "<group>";
		};
		84A361CC26845C5600A369E7 /* Splash */ = {
			isa = PBXGroup;
			children = (
				84A361CE26845C6200A369E7 /* SplashRouterSpec.swift */,
				84A361CF26845C6200A369E7 /* SplashViewControllerSpec.swift */,
				84A361D026845C6200A369E7 /* SplashPresenterSpec.swift */,
				84A361D126845C6200A369E7 /* SplashModuleSpec.swift */,
				84A361D7268467DE00A369E7 /* SplashInteractorSpec.swift */,
			);
			path = Splash;
			sourceTree = "<group>";
		};
		84A361D926848C7500A369E7 /* Survey */ = {
			isa = PBXGroup;
			children = (
				84A361DA26848C8C00A369E7 /* SurveyService.swift */,
			);
			path = Survey;
			sourceTree = "<group>";
		};
		84A361DC26848CEE00A369E7 /* Survey */ = {
			isa = PBXGroup;
			children = (
				84A361DD26848CFD00A369E7 /* Survey.swift */,
				848A00AB2685AA510019A426 /* SurveyResponse.swift */,
			);
			path = Survey;
			sourceTree = "<group>";
		};
		84BE6958266F4400001DE0C3 /* UIKit */ = {
			isa = PBXGroup;
			children = (
				8416EAF226804E3F00F47617 /* UIView */,
				844CEBB3267C55B50057FCF7 /* UIViewController */,
				84BE695A266F440F001DE0C3 /* UIFont */,
			);
			path = UIKit;
			sourceTree = "<group>";
		};
		84BE695A266F440F001DE0C3 /* UIFont */ = {
			isa = PBXGroup;
			children = (
				84BE695F266F4446001DE0C3 /* UIFont+Size.swift */,
			);
			path = UIFont;
			sourceTree = "<group>";
		};
		84C8D66E2681CE5300961CF8 /* Modules */ = {
			isa = PBXGroup;
			children = (
				84182374268A2D50007F5623 /* Home */,
				84A361CC26845C5600A369E7 /* Splash */,
				84C8D66F2681CE5600961CF8 /* Login */,
			);
			path = Modules;
			sourceTree = "<group>";
		};
		84C8D66F2681CE5600961CF8 /* Login */ = {
			isa = PBXGroup;
			children = (
				84C8D6702681CE5F00961CF8 /* LoginInteractorSpec.swift */,
				84C8D6712681CE5F00961CF8 /* LoginRouterSpec.swift */,
				84C8D6722681CE5F00961CF8 /* LoginViewControllerSpec.swift */,
				84C8D6732681CE5F00961CF8 /* LoginPresenterSpec.swift */,
				84C8D6742681CE5F00961CF8 /* LoginModuleSpec.swift */,
			);
			path = Login;
			sourceTree = "<group>";
		};
		84D0748B26732105009CFE4C /* Utilities */ = {
			isa = PBXGroup;
			children = (
				84D9B416268AC92000923F86 /* PropertyWrappers */,
				8416EB0126806FA200F47617 /* Helpers */,
				84D0748D26732114009CFE4C /* Constants */,
				84D0748C26732108009CFE4C /* Environment */,
			);
			path = Utilities;
			sourceTree = "<group>";
		};
		84D0748C26732108009CFE4C /* Environment */ = {
			isa = PBXGroup;
			children = (
				84D0748E26732128009CFE4C /* Environment.swift */,
			);
			path = Environment;
			sourceTree = "<group>";
		};
		84D0748D26732114009CFE4C /* Constants */ = {
			isa = PBXGroup;
			children = (
				84D9B41B268ACC9B00923F86 /* UserDefaultsKeys */,
				84D0749026732140009CFE4C /* Constants.swift */,
				84D074922673214C009CFE4C /* Typealias.swift */,
				84FABA0B268C331000722243 /* UserStorage.swift */,
			);
			path = Constants;
			sourceTree = "<group>";
		};
		84D07494267321CD009CFE4C /* Models */ = {
			isa = PBXGroup;
			children = (
				84A361DC26848CEE00A369E7 /* Survey */,
				8423B96F26734D7E0000036F /* Authentication */,
				84D07495267321D7009CFE4C /* APIError.swift */,
			);
			path = Models;
			sourceTree = "<group>";
		};
		84D07497267321EC009CFE4C /* Network */ = {
			isa = PBXGroup;
			children = (
				84D0749A2673221B009CFE4C /* Factory */,
				84D0749926732217009CFE4C /* API */,
				84D0749826732213009CFE4C /* Services */,
			);
			path = Network;
			sourceTree = "<group>";
		};
		84D0749826732213009CFE4C /* Services */ = {
			isa = PBXGroup;
			children = (
				84A361D926848C7500A369E7 /* Survey */,
				8423B97226734E410000036F /* Authentication */,
				84D0749D2673224B009CFE4C /* NetworkService.swift */,
			);
			path = Services;
			sourceTree = "<group>";
		};
		84D0749926732217009CFE4C /* API */ = {
			isa = PBXGroup;
			children = (
				84D074A12673228A009CFE4C /* Base */,
				84D0749F2673227C009CFE4C /* BaseAPI.swift */,
				8448C2422679FB1E005955D4 /* UserSessionProvider.swift */,
				8448C2402679FAFF005955D4 /* UserSession.swift */,
				84A361DF2684904100A369E7 /* AuthenticationInterceptor.swift */,
				84FABA15268C5D3F00722243 /* APIResponseSerializer.swift */,
			);
			path = API;
			sourceTree = "<group>";
		};
		84D0749A2673221B009CFE4C /* Factory */ = {
			isa = PBXGroup;
			children = (
				84D0749B26732231009CFE4C /* NetworkServiceFactory.swift */,
			);
			path = Factory;
			sourceTree = "<group>";
		};
		84D074A12673228A009CFE4C /* Base */ = {
			isa = PBXGroup;
			children = (
				84D074A226732296009CFE4C /* API.swift */,
				84D074A4267322A2009CFE4C /* Request.swift */,
				84D074A6267322B7009CFE4C /* RequestConfiguration.swift */,
			);
			path = Base;
			sourceTree = "<group>";
		};
		84D9B416268AC92000923F86 /* PropertyWrappers */ = {
			isa = PBXGroup;
			children = (
				84D9B417268AC94000923F86 /* UserDefault.swift */,
				84D9B419268AC99200923F86 /* UserDefaultsKey.swift */,
			);
			path = PropertyWrappers;
			sourceTree = "<group>";
		};
		84D9B41B268ACC9B00923F86 /* UserDefaultsKeys */ = {
			isa = PBXGroup;
			children = (
				84D9B41C268ACCC700923F86 /* ApplicationUserDefaultsKeys.swift */,
			);
			path = UserDefaultsKeys;
			sourceTree = "<group>";
		};
		84D9B421268AE52800923F86 /* Array */ = {
			isa = PBXGroup;
			children = (
				84D9B422268AE53500923F86 /* Array+Comparable.swift */,
			);
			path = Array;
			sourceTree = "<group>";
		};
		84D9B424268B195600923F86 /* SurveyDetail */ = {
			isa = PBXGroup;
			children = (
				84D9B42F268B1B6E00923F86 /* SurveyDetailRouter.swift */,
				84D9B430268B1B6E00923F86 /* SurveyDetailModule.swift */,
				84D9B431268B1B6E00923F86 /* SurveyDetailViewController.swift */,
				84D9B432268B1B6E00923F86 /* SurveyDetailInteractor.swift */,
				84D9B433268B1B6E00923F86 /* SurveyDetailPresenter.swift */,
			);
			path = SurveyDetail;
			sourceTree = "<group>";
		};
		84FABA17268C77AE00722243 /* Transition */ = {
			isa = PBXGroup;
			children = (
				84FABA1A268C780F00722243 /* FadeZoomViewControllerTransition.swift */,
			);
			path = Transition;
			sourceTree = "<group>";
		};
/* End PBXGroup section */

/* Begin PBXNativeTarget section */
		842C6F7B266DC5AA0017E1CD /* SurveyApp */ = {
			isa = PBXNativeTarget;
			buildConfigurationList = 842C6FA6266DC5AB0017E1CD /* Build configuration list for PBXNativeTarget "SurveyApp" */;
			buildPhases = (
				4A10A010AAA9118803E9CC9A /* [CP] Check Pods Manifest.lock */,
				84E50EC2266F4AF10007EA7A /* R.swift */,
				842C6F78266DC5AA0017E1CD /* Sources */,
				842C6F79266DC5AA0017E1CD /* Frameworks */,
				842C6F7A266DC5AA0017E1CD /* Resources */,
				A80BB7ADB883ACFCE9663E2F /* [CP] Embed Pods Frameworks */,
				84D0748A2673200C009CFE4C /* Swiftlint */,
			);
			buildRules = (
			);
			dependencies = (
			);
			name = SurveyApp;
			productName = SurveyApp;
			productReference = 842C6F7C266DC5AA0017E1CD /* SurveyApp.app */;
			productType = "com.apple.product-type.application";
		};
		842C6F91266DC5AB0017E1CD /* SurveyAppTests */ = {
			isa = PBXNativeTarget;
			buildConfigurationList = 842C6FA9266DC5AB0017E1CD /* Build configuration list for PBXNativeTarget "SurveyAppTests" */;
			buildPhases = (
				03F3CCFDC9785A04F18E420E /* [CP] Check Pods Manifest.lock */,
				8416EAFB2680535800F47617 /* Sourcery */,
				842C6F8E266DC5AB0017E1CD /* Sources */,
				842C6F8F266DC5AB0017E1CD /* Frameworks */,
				842C6F90266DC5AB0017E1CD /* Resources */,
				E8A0E7BEAA408086FE785638 /* [CP] Embed Pods Frameworks */,
			);
			buildRules = (
			);
			dependencies = (
				842C6F94266DC5AB0017E1CD /* PBXTargetDependency */,
			);
			name = SurveyAppTests;
			productName = SurveyAppTests;
			productReference = 842C6F92266DC5AB0017E1CD /* SurveyAppTests.xctest */;
			productType = "com.apple.product-type.bundle.unit-test";
		};
		842C6F9C266DC5AB0017E1CD /* SurveyAppUITests */ = {
			isa = PBXNativeTarget;
			buildConfigurationList = 842C6FAC266DC5AB0017E1CD /* Build configuration list for PBXNativeTarget "SurveyAppUITests" */;
			buildPhases = (
				C24DE7C3DC50C0AA98F03B93 /* [CP] Check Pods Manifest.lock */,
				842C6F99266DC5AB0017E1CD /* Sources */,
				842C6F9A266DC5AB0017E1CD /* Frameworks */,
				842C6F9B266DC5AB0017E1CD /* Resources */,
				ED831CDAB811FF7E0E9B9DC7 /* [CP] Embed Pods Frameworks */,
			);
			buildRules = (
			);
			dependencies = (
				842C6F9F266DC5AB0017E1CD /* PBXTargetDependency */,
			);
			name = SurveyAppUITests;
			productName = SurveyAppUITests;
			productReference = 842C6F9D266DC5AB0017E1CD /* SurveyAppUITests.xctest */;
			productType = "com.apple.product-type.bundle.ui-testing";
		};
/* End PBXNativeTarget section */

/* Begin PBXProject section */
		842C6F74266DC5AA0017E1CD /* Project object */ = {
			isa = PBXProject;
			attributes = {
				LastSwiftUpdateCheck = 1250;
				LastUpgradeCheck = 1250;
				TargetAttributes = {
					842C6F7B266DC5AA0017E1CD = {
						CreatedOnToolsVersion = 12.5;
					};
					842C6F91266DC5AB0017E1CD = {
						CreatedOnToolsVersion = 12.5;
						LastSwiftMigration = 1250;
						TestTargetID = 842C6F7B266DC5AA0017E1CD;
					};
					842C6F9C266DC5AB0017E1CD = {
						CreatedOnToolsVersion = 12.5;
						TestTargetID = 842C6F7B266DC5AA0017E1CD;
					};
				};
			};
			buildConfigurationList = 842C6F77266DC5AA0017E1CD /* Build configuration list for PBXProject "SurveyApp" */;
			compatibilityVersion = "Xcode 9.3";
			developmentRegion = en;
			hasScannedForEncodings = 0;
			knownRegions = (
				en,
				Base,
			);
			mainGroup = 842C6F73266DC5AA0017E1CD;
			productRefGroup = 842C6F7D266DC5AA0017E1CD /* Products */;
			projectDirPath = "";
			projectRoot = "";
			targets = (
				842C6F7B266DC5AA0017E1CD /* SurveyApp */,
				842C6F91266DC5AB0017E1CD /* SurveyAppTests */,
				842C6F9C266DC5AB0017E1CD /* SurveyAppUITests */,
			);
		};
/* End PBXProject section */

/* Begin PBXResourcesBuildPhase section */
		842C6F7A266DC5AA0017E1CD /* Resources */ = {
			isa = PBXResourcesBuildPhase;
			buildActionMask = 2147483647;
			files = (
				843AB5FB266E2AAE00EC3F28 /* .swiftlint.yml in Resources */,
				84A0AB6926708CFE005EBF9A /* Localizable.strings in Resources */,
				842C6F8C266DC5AB0017E1CD /* LaunchScreen.storyboard in Resources */,
				842C6F89266DC5AB0017E1CD /* Assets.xcassets in Resources */,
			);
			runOnlyForDeploymentPostprocessing = 0;
		};
		842C6F90266DC5AB0017E1CD /* Resources */ = {
			isa = PBXResourcesBuildPhase;
			buildActionMask = 2147483647;
			files = (
			);
			runOnlyForDeploymentPostprocessing = 0;
		};
		842C6F9B266DC5AB0017E1CD /* Resources */ = {
			isa = PBXResourcesBuildPhase;
			buildActionMask = 2147483647;
			files = (
			);
			runOnlyForDeploymentPostprocessing = 0;
		};
/* End PBXResourcesBuildPhase section */

/* Begin PBXShellScriptBuildPhase section */
		03F3CCFDC9785A04F18E420E /* [CP] Check Pods Manifest.lock */ = {
			isa = PBXShellScriptBuildPhase;
			buildActionMask = 2147483647;
			files = (
			);
			inputFileListPaths = (
			);
			inputPaths = (
				"${PODS_PODFILE_DIR_PATH}/Podfile.lock",
				"${PODS_ROOT}/Manifest.lock",
			);
			name = "[CP] Check Pods Manifest.lock";
			outputFileListPaths = (
			);
			outputPaths = (
				"$(DERIVED_FILE_DIR)/Pods-SurveyAppTests-checkManifestLockResult.txt",
			);
			runOnlyForDeploymentPostprocessing = 0;
			shellPath = /bin/sh;
			shellScript = "diff \"${PODS_PODFILE_DIR_PATH}/Podfile.lock\" \"${PODS_ROOT}/Manifest.lock\" > /dev/null\nif [ $? != 0 ] ; then\n    # print error to STDERR\n    echo \"error: The sandbox is not in sync with the Podfile.lock. Run 'pod install' or update your CocoaPods installation.\" >&2\n    exit 1\nfi\n# This output is used by Xcode 'outputs' to avoid re-running this script phase.\necho \"SUCCESS\" > \"${SCRIPT_OUTPUT_FILE_0}\"\n";
			showEnvVarsInLog = 0;
		};
		4A10A010AAA9118803E9CC9A /* [CP] Check Pods Manifest.lock */ = {
			isa = PBXShellScriptBuildPhase;
			buildActionMask = 2147483647;
			files = (
			);
			inputFileListPaths = (
			);
			inputPaths = (
				"${PODS_PODFILE_DIR_PATH}/Podfile.lock",
				"${PODS_ROOT}/Manifest.lock",
			);
			name = "[CP] Check Pods Manifest.lock";
			outputFileListPaths = (
			);
			outputPaths = (
				"$(DERIVED_FILE_DIR)/Pods-SurveyApp-checkManifestLockResult.txt",
			);
			runOnlyForDeploymentPostprocessing = 0;
			shellPath = /bin/sh;
			shellScript = "diff \"${PODS_PODFILE_DIR_PATH}/Podfile.lock\" \"${PODS_ROOT}/Manifest.lock\" > /dev/null\nif [ $? != 0 ] ; then\n    # print error to STDERR\n    echo \"error: The sandbox is not in sync with the Podfile.lock. Run 'pod install' or update your CocoaPods installation.\" >&2\n    exit 1\nfi\n# This output is used by Xcode 'outputs' to avoid re-running this script phase.\necho \"SUCCESS\" > \"${SCRIPT_OUTPUT_FILE_0}\"\n";
			showEnvVarsInLog = 0;
		};
		8416EAFB2680535800F47617 /* Sourcery */ = {
			isa = PBXShellScriptBuildPhase;
			buildActionMask = 2147483647;
			files = (
			);
			inputFileListPaths = (
			);
			inputPaths = (
			);
			name = Sourcery;
			outputFileListPaths = (
			);
			outputPaths = (
			);
			runOnlyForDeploymentPostprocessing = 0;
			shellPath = /bin/sh;
			shellScript = "$PODS_ROOT/Sourcery/bin/sourcery\n";
		};
		84D0748A2673200C009CFE4C /* Swiftlint */ = {
			isa = PBXShellScriptBuildPhase;
			buildActionMask = 2147483647;
			files = (
			);
			inputFileListPaths = (
			);
			inputPaths = (
			);
			name = Swiftlint;
			outputFileListPaths = (
			);
			outputPaths = (
			);
			runOnlyForDeploymentPostprocessing = 0;
			shellPath = /bin/sh;
			shellScript = "if which swiftlint >/dev/null; then\n  swiftlint\nelse\n  echo \"warning: SwiftLint not installed, download from https://github.com/realm/SwiftLint\"\nfi\n";
		};
		84E50EC2266F4AF10007EA7A /* R.swift */ = {
			isa = PBXShellScriptBuildPhase;
			buildActionMask = 2147483647;
			files = (
			);
			inputFileListPaths = (
			);
			inputPaths = (
				"$TEMP_DIR/rswift-lastrun",
			);
			name = R.swift;
			outputFileListPaths = (
			);
			outputPaths = (
				$SRCROOT/SurveyApp/Application/Resources/R.swift/R.generated.swift,
			);
			runOnlyForDeploymentPostprocessing = 0;
			shellPath = /bin/sh;
			shellScript = "\"$PODS_ROOT/R.swift/rswift\" generate \"$SRCROOT/SurveyApp/Application/Resources/R.swift/R.generated.swift\"\n";
		};
		A80BB7ADB883ACFCE9663E2F /* [CP] Embed Pods Frameworks */ = {
			isa = PBXShellScriptBuildPhase;
			buildActionMask = 2147483647;
			files = (
			);
			inputFileListPaths = (
				"${PODS_ROOT}/Target Support Files/Pods-SurveyApp/Pods-SurveyApp-frameworks-${CONFIGURATION}-input-files.xcfilelist",
			);
			name = "[CP] Embed Pods Frameworks";
			outputFileListPaths = (
				"${PODS_ROOT}/Target Support Files/Pods-SurveyApp/Pods-SurveyApp-frameworks-${CONFIGURATION}-output-files.xcfilelist",
			);
			runOnlyForDeploymentPostprocessing = 0;
			shellPath = /bin/sh;
			shellScript = "\"${PODS_ROOT}/Target Support Files/Pods-SurveyApp/Pods-SurveyApp-frameworks.sh\"\n";
			showEnvVarsInLog = 0;
		};
		C24DE7C3DC50C0AA98F03B93 /* [CP] Check Pods Manifest.lock */ = {
			isa = PBXShellScriptBuildPhase;
			buildActionMask = 2147483647;
			files = (
			);
			inputFileListPaths = (
			);
			inputPaths = (
				"${PODS_PODFILE_DIR_PATH}/Podfile.lock",
				"${PODS_ROOT}/Manifest.lock",
			);
			name = "[CP] Check Pods Manifest.lock";
			outputFileListPaths = (
			);
			outputPaths = (
				"$(DERIVED_FILE_DIR)/Pods-SurveyApp-SurveyAppUITests-checkManifestLockResult.txt",
			);
			runOnlyForDeploymentPostprocessing = 0;
			shellPath = /bin/sh;
			shellScript = "diff \"${PODS_PODFILE_DIR_PATH}/Podfile.lock\" \"${PODS_ROOT}/Manifest.lock\" > /dev/null\nif [ $? != 0 ] ; then\n    # print error to STDERR\n    echo \"error: The sandbox is not in sync with the Podfile.lock. Run 'pod install' or update your CocoaPods installation.\" >&2\n    exit 1\nfi\n# This output is used by Xcode 'outputs' to avoid re-running this script phase.\necho \"SUCCESS\" > \"${SCRIPT_OUTPUT_FILE_0}\"\n";
			showEnvVarsInLog = 0;
		};
		E8A0E7BEAA408086FE785638 /* [CP] Embed Pods Frameworks */ = {
			isa = PBXShellScriptBuildPhase;
			buildActionMask = 2147483647;
			files = (
			);
			inputFileListPaths = (
				"${PODS_ROOT}/Target Support Files/Pods-SurveyAppTests/Pods-SurveyAppTests-frameworks-${CONFIGURATION}-input-files.xcfilelist",
			);
			name = "[CP] Embed Pods Frameworks";
			outputFileListPaths = (
				"${PODS_ROOT}/Target Support Files/Pods-SurveyAppTests/Pods-SurveyAppTests-frameworks-${CONFIGURATION}-output-files.xcfilelist",
			);
			runOnlyForDeploymentPostprocessing = 0;
			shellPath = /bin/sh;
			shellScript = "\"${PODS_ROOT}/Target Support Files/Pods-SurveyAppTests/Pods-SurveyAppTests-frameworks.sh\"\n";
			showEnvVarsInLog = 0;
		};
		ED831CDAB811FF7E0E9B9DC7 /* [CP] Embed Pods Frameworks */ = {
			isa = PBXShellScriptBuildPhase;
			buildActionMask = 2147483647;
			files = (
			);
			inputFileListPaths = (
				"${PODS_ROOT}/Target Support Files/Pods-SurveyApp-SurveyAppUITests/Pods-SurveyApp-SurveyAppUITests-frameworks-${CONFIGURATION}-input-files.xcfilelist",
			);
			name = "[CP] Embed Pods Frameworks";
			outputFileListPaths = (
				"${PODS_ROOT}/Target Support Files/Pods-SurveyApp-SurveyAppUITests/Pods-SurveyApp-SurveyAppUITests-frameworks-${CONFIGURATION}-output-files.xcfilelist",
			);
			runOnlyForDeploymentPostprocessing = 0;
			shellPath = /bin/sh;
			shellScript = "\"${PODS_ROOT}/Target Support Files/Pods-SurveyApp-SurveyAppUITests/Pods-SurveyApp-SurveyAppUITests-frameworks.sh\"\n";
			showEnvVarsInLog = 0;
		};
/* End PBXShellScriptBuildPhase section */

/* Begin PBXSourcesBuildPhase section */
		842C6F78266DC5AA0017E1CD /* Sources */ = {
			isa = PBXSourcesBuildPhase;
			buildActionMask = 2147483647;
			files = (
				8416EAF926804FED00F47617 /* DateFormatter+Format.swift in Sources */,
				8448C23A2679F9F4005955D4 /* UserCredential.swift in Sources */,
				8433C92F268180AC00EAF157 /* AnimatedCollectionView.swift in Sources */,
				84D9B437268B1B6E00923F86 /* SurveyDetailInteractor.swift in Sources */,
				84D9B43A268B1F2600923F86 /* UIViewController+NavigationItem.swift in Sources */,
				8464840826775D6700233656 /* HomeModule.swift in Sources */,
				842C6F80266DC5AA0017E1CD /* AppDelegate.swift in Sources */,
				84D9B435268B1B6E00923F86 /* SurveyDetailModule.swift in Sources */,
				84D074A326732296009CFE4C /* API.swift in Sources */,
				8448C2412679FAFF005955D4 /* UserSession.swift in Sources */,
				84D0748F26732128009CFE4C /* Environment.swift in Sources */,
				8464840B26775D6700233656 /* HomePresenter.swift in Sources */,
				84A361E02684904100A369E7 /* AuthenticationInterceptor.swift in Sources */,
				84A361DB26848C8C00A369E7 /* SurveyService.swift in Sources */,
				84D9B41D268ACCC700923F86 /* ApplicationUserDefaultsKeys.swift in Sources */,
				84A0AB5F26706AC4005EBF9A /* CredentialTextField.swift in Sources */,
				84D9B41A268AC99200923F86 /* UserDefaultsKey.swift in Sources */,
				84A361DE26848CFD00A369E7 /* Survey.swift in Sources */,
				84D074A02673227C009CFE4C /* BaseAPI.swift in Sources */,
				848A00AC2685AA510019A426 /* SurveyResponse.swift in Sources */,
				8448C2432679FB1E005955D4 /* UserSessionProvider.swift in Sources */,
				842C6F82266DC5AA0017E1CD /* SceneDelegate.swift in Sources */,
				84276BE6267B332E00E87C1A /* SplashModule.swift in Sources */,
				843AB4DB266DCB5E00EC3F28 /* LoginPresenter.swift in Sources */,
				84D9B434268B1B6E00923F86 /* SurveyDetailRouter.swift in Sources */,
				84276BE9267B332E00E87C1A /* SplashPresenter.swift in Sources */,
				84FABA0E268C3C7D00722243 /* SurveyCollectionCellViewModel.swift in Sources */,
				84648400267757D100233656 /* ErrorView.swift in Sources */,
				84AC054F2682E05A00218DC2 /* SplashInteractor.swift in Sources */,
				84D0749E2673224B009CFE4C /* NetworkService.swift in Sources */,
				84A0AB6526708954005EBF9A /* R.swift+Typealias.swift in Sources */,
				84D074A7267322B7009CFE4C /* RequestConfiguration.swift in Sources */,
				84D074932673214C009CFE4C /* Typealias.swift in Sources */,
				843AB4DA266DCB5E00EC3F28 /* LoginInteractor.swift in Sources */,
				8464840926775D6700233656 /* HomeViewController.swift in Sources */,
				84FABA0C268C331000722243 /* UserStorage.swift in Sources */,
				84D9B418268AC94000923F86 /* UserDefault.swift in Sources */,
				84D07496267321D7009CFE4C /* APIError.swift in Sources */,
				84D9B436268B1B6E00923F86 /* SurveyDetailViewController.swift in Sources */,
				844CEBB5267C55EE0057FCF7 /* UIViewController+Error.swift in Sources */,
				8464840726775D6700233656 /* HomeRouter.swift in Sources */,
				8416EB002680666400F47617 /* SurveyCollectionCell.swift in Sources */,
				84FABA16268C5D3F00722243 /* APIResponseSerializer.swift in Sources */,
				84D0749C26732231009CFE4C /* NetworkServiceFactory.swift in Sources */,
				84D0749126732140009CFE4C /* Constants.swift in Sources */,
				84BE6960266F4446001DE0C3 /* UIFont+Size.swift in Sources */,
				843AB4D7266DCB5E00EC3F28 /* LoginRouter.swift in Sources */,
				843AB4D9266DCB5E00EC3F28 /* LoginViewController.swift in Sources */,
				8416EAF426804E4A00F47617 /* UIView+Round.swift in Sources */,
				8434816F2677626F00B7990A /* String+Email.swift in Sources */,
				84D074A5267322A2009CFE4C /* Request.swift in Sources */,
				84FABA12268C55E000722243 /* SurveyListSection.swift in Sources */,
				84D0748926731FFC009CFE4C /* R.generated.swift in Sources */,
				843AB4D8266DCB5E00EC3F28 /* LoginModule.swift in Sources */,
				84276BE5267B332E00E87C1A /* SplashRouter.swift in Sources */,
				8423B97126734D8C0000036F /* AuthToken.swift in Sources */,
				84D9B438268B1B6E00923F86 /* SurveyDetailPresenter.swift in Sources */,
				8448C23F2679FA97005955D4 /* KeychainKeys.swift in Sources */,
				84FABA1B268C780F00722243 /* FadeZoomViewControllerTransition.swift in Sources */,
				8423B97426734E6A0000036F /* AuthenticationService.swift in Sources */,
				84FABA0A268C243F00722243 /* DataRequest+APIResponseSerializer.swift in Sources */,
				8448C23D2679FA90005955D4 /* KeychainStorage.swift in Sources */,
				84D9B423268AE53500923F86 /* Array+Comparable.swift in Sources */,
				8416EAF726804EDA00F47617 /* Date+Formatter.swift in Sources */,
				8416EB0326806FB700F47617 /* Dequeuable.swift in Sources */,
				8464840A26775D6700233656 /* HomeInteractor.swift in Sources */,
				84276BE7267B332E00E87C1A /* SplashViewController.swift in Sources */,
			);
			runOnlyForDeploymentPostprocessing = 0;
		};
		842C6F8E266DC5AB0017E1CD /* Sources */ = {
			isa = PBXSourcesBuildPhase;
			buildActionMask = 2147483647;
			files = (
				84C8D67D2681CEB400961CF8 /* BaseAPISpec.swift in Sources */,
				84C8D67E2681CEB700961CF8 /* UserSessionSpec.swift in Sources */,
				8418236826897CFE007F5623 /* Dictionary+QueryParams.swift in Sources */,
				84A361D526845C6200A369E7 /* SplashPresenterSpec.swift in Sources */,
				8418237B268A2D62007F5623 /* HomeRouterSpec.swift in Sources */,
				8418236526897A0F007F5623 /* SurveyServiceSpec.swift in Sources */,
				84C8D6792681CE5F00961CF8 /* LoginModuleSpec.swift in Sources */,
				84C8D67C2681CEAF00961CF8 /* JSON+APIError.swift in Sources */,
				84C8D67A2681CEAA00961CF8 /* JSON.swift in Sources */,
				84C8D67B2681CEAD00961CF8 /* JSON+AuthenticationService.swift in Sources */,
				8418237A268A2D62007F5623 /* HomeInteractorSpec.swift in Sources */,
				84182361268967C4007F5623 /* JSON+SurveyService.swift in Sources */,
				84C8D6762681CE5F00961CF8 /* LoginRouterSpec.swift in Sources */,
				8416EAFD2680539400F47617 /* AutoMockable.generated.swift in Sources */,
				84A361D8268467DE00A369E7 /* SplashInteractorSpec.swift in Sources */,
				84A361D326845C6200A369E7 /* SplashRouterSpec.swift in Sources */,
				84C8D6782681CE5F00961CF8 /* LoginPresenterSpec.swift in Sources */,
				84C8D6752681CE5F00961CF8 /* LoginInteractorSpec.swift in Sources */,
				8418237E268A2D62007F5623 /* HomeModuleSpec.swift in Sources */,
				84C8D67F2681CEBB00961CF8 /* AuthenticationServiceSpec.swift in Sources */,
				84C8D6772681CE5F00961CF8 /* LoginViewControllerSpec.swift in Sources */,
				8418237C268A2D62007F5623 /* HomeViewControllerSpec.swift in Sources */,
				84A361D426845C6200A369E7 /* SplashViewControllerSpec.swift in Sources */,
				8418237D268A2D62007F5623 /* HomePresenterSpec.swift in Sources */,
				84A361D626845C6200A369E7 /* SplashModuleSpec.swift in Sources */,
			);
			runOnlyForDeploymentPostprocessing = 0;
		};
		842C6F99266DC5AB0017E1CD /* Sources */ = {
			isa = PBXSourcesBuildPhase;
			buildActionMask = 2147483647;
			files = (
				842C6FA2266DC5AB0017E1CD /* SurveyAppUITests.swift in Sources */,
			);
			runOnlyForDeploymentPostprocessing = 0;
		};
/* End PBXSourcesBuildPhase section */

/* Begin PBXTargetDependency section */
		842C6F94266DC5AB0017E1CD /* PBXTargetDependency */ = {
			isa = PBXTargetDependency;
			target = 842C6F7B266DC5AA0017E1CD /* SurveyApp */;
			targetProxy = 842C6F93266DC5AB0017E1CD /* PBXContainerItemProxy */;
		};
		842C6F9F266DC5AB0017E1CD /* PBXTargetDependency */ = {
			isa = PBXTargetDependency;
			target = 842C6F7B266DC5AA0017E1CD /* SurveyApp */;
			targetProxy = 842C6F9E266DC5AB0017E1CD /* PBXContainerItemProxy */;
		};
/* End PBXTargetDependency section */

/* Begin PBXVariantGroup section */
		842C6F8A266DC5AB0017E1CD /* LaunchScreen.storyboard */ = {
			isa = PBXVariantGroup;
			children = (
				842C6F8B266DC5AB0017E1CD /* Base */,
			);
			name = LaunchScreen.storyboard;
			sourceTree = "<group>";
		};
		84A0AB6B26708CFE005EBF9A /* Localizable.strings */ = {
			isa = PBXVariantGroup;
			children = (
				84A0AB6A26708CFE005EBF9A /* en */,
			);
			name = Localizable.strings;
			sourceTree = "<group>";
		};
/* End PBXVariantGroup section */

/* Begin XCBuildConfiguration section */
		842C6FA4266DC5AB0017E1CD /* Staging */ = {
			isa = XCBuildConfiguration;
			buildSettings = {
				ALWAYS_SEARCH_USER_PATHS = NO;
				CLANG_ANALYZER_NONNULL = YES;
				CLANG_ANALYZER_NUMBER_OBJECT_CONVERSION = YES_AGGRESSIVE;
				CLANG_CXX_LANGUAGE_STANDARD = "gnu++14";
				CLANG_CXX_LIBRARY = "libc++";
				CLANG_ENABLE_MODULES = YES;
				CLANG_ENABLE_OBJC_ARC = YES;
				CLANG_ENABLE_OBJC_WEAK = YES;
				CLANG_WARN_BLOCK_CAPTURE_AUTORELEASING = YES;
				CLANG_WARN_BOOL_CONVERSION = YES;
				CLANG_WARN_COMMA = YES;
				CLANG_WARN_CONSTANT_CONVERSION = YES;
				CLANG_WARN_DEPRECATED_OBJC_IMPLEMENTATIONS = YES;
				CLANG_WARN_DIRECT_OBJC_ISA_USAGE = YES_ERROR;
				CLANG_WARN_DOCUMENTATION_COMMENTS = YES;
				CLANG_WARN_EMPTY_BODY = YES;
				CLANG_WARN_ENUM_CONVERSION = YES;
				CLANG_WARN_INFINITE_RECURSION = YES;
				CLANG_WARN_INT_CONVERSION = YES;
				CLANG_WARN_NON_LITERAL_NULL_CONVERSION = YES;
				CLANG_WARN_OBJC_IMPLICIT_RETAIN_SELF = YES;
				CLANG_WARN_OBJC_LITERAL_CONVERSION = YES;
				CLANG_WARN_OBJC_ROOT_CLASS = YES_ERROR;
				CLANG_WARN_QUOTED_INCLUDE_IN_FRAMEWORK_HEADER = YES;
				CLANG_WARN_RANGE_LOOP_ANALYSIS = YES;
				CLANG_WARN_STRICT_PROTOTYPES = YES;
				CLANG_WARN_SUSPICIOUS_MOVE = YES;
				CLANG_WARN_UNGUARDED_AVAILABILITY = YES_AGGRESSIVE;
				CLANG_WARN_UNREACHABLE_CODE = YES;
				CLANG_WARN__DUPLICATE_METHOD_MATCH = YES;
				COPY_PHASE_STRIP = NO;
				DEBUG_INFORMATION_FORMAT = dwarf;
				ENABLE_STRICT_OBJC_MSGSEND = YES;
				ENABLE_TESTABILITY = YES;
				GCC_C_LANGUAGE_STANDARD = gnu11;
				GCC_DYNAMIC_NO_PIC = NO;
				GCC_NO_COMMON_BLOCKS = YES;
				GCC_OPTIMIZATION_LEVEL = 0;
				GCC_PREPROCESSOR_DEFINITIONS = (
					"DEBUG=1",
					"$(inherited)",
				);
				GCC_WARN_64_TO_32_BIT_CONVERSION = YES;
				GCC_WARN_ABOUT_RETURN_TYPE = YES_ERROR;
				GCC_WARN_UNDECLARED_SELECTOR = YES;
				GCC_WARN_UNINITIALIZED_AUTOS = YES_AGGRESSIVE;
				GCC_WARN_UNUSED_FUNCTION = YES;
				GCC_WARN_UNUSED_VARIABLE = YES;
				IPHONEOS_DEPLOYMENT_TARGET = 13.0;
				MTL_ENABLE_DEBUG_INFO = INCLUDE_SOURCE;
				MTL_FAST_MATH = YES;
				ONLY_ACTIVE_ARCH = YES;
				SDKROOT = iphoneos;
				SWIFT_ACTIVE_COMPILATION_CONDITIONS = DEBUG;
				SWIFT_OPTIMIZATION_LEVEL = "-Onone";
			};
			name = Staging;
		};
		842C6FA5266DC5AB0017E1CD /* Production */ = {
			isa = XCBuildConfiguration;
			buildSettings = {
				ALWAYS_SEARCH_USER_PATHS = NO;
				CLANG_ANALYZER_NONNULL = YES;
				CLANG_ANALYZER_NUMBER_OBJECT_CONVERSION = YES_AGGRESSIVE;
				CLANG_CXX_LANGUAGE_STANDARD = "gnu++14";
				CLANG_CXX_LIBRARY = "libc++";
				CLANG_ENABLE_MODULES = YES;
				CLANG_ENABLE_OBJC_ARC = YES;
				CLANG_ENABLE_OBJC_WEAK = YES;
				CLANG_WARN_BLOCK_CAPTURE_AUTORELEASING = YES;
				CLANG_WARN_BOOL_CONVERSION = YES;
				CLANG_WARN_COMMA = YES;
				CLANG_WARN_CONSTANT_CONVERSION = YES;
				CLANG_WARN_DEPRECATED_OBJC_IMPLEMENTATIONS = YES;
				CLANG_WARN_DIRECT_OBJC_ISA_USAGE = YES_ERROR;
				CLANG_WARN_DOCUMENTATION_COMMENTS = YES;
				CLANG_WARN_EMPTY_BODY = YES;
				CLANG_WARN_ENUM_CONVERSION = YES;
				CLANG_WARN_INFINITE_RECURSION = YES;
				CLANG_WARN_INT_CONVERSION = YES;
				CLANG_WARN_NON_LITERAL_NULL_CONVERSION = YES;
				CLANG_WARN_OBJC_IMPLICIT_RETAIN_SELF = YES;
				CLANG_WARN_OBJC_LITERAL_CONVERSION = YES;
				CLANG_WARN_OBJC_ROOT_CLASS = YES_ERROR;
				CLANG_WARN_QUOTED_INCLUDE_IN_FRAMEWORK_HEADER = YES;
				CLANG_WARN_RANGE_LOOP_ANALYSIS = YES;
				CLANG_WARN_STRICT_PROTOTYPES = YES;
				CLANG_WARN_SUSPICIOUS_MOVE = YES;
				CLANG_WARN_UNGUARDED_AVAILABILITY = YES_AGGRESSIVE;
				CLANG_WARN_UNREACHABLE_CODE = YES;
				CLANG_WARN__DUPLICATE_METHOD_MATCH = YES;
				COPY_PHASE_STRIP = NO;
				DEBUG_INFORMATION_FORMAT = "dwarf-with-dsym";
				ENABLE_NS_ASSERTIONS = NO;
				ENABLE_STRICT_OBJC_MSGSEND = YES;
				GCC_C_LANGUAGE_STANDARD = gnu11;
				GCC_NO_COMMON_BLOCKS = YES;
				GCC_WARN_64_TO_32_BIT_CONVERSION = YES;
				GCC_WARN_ABOUT_RETURN_TYPE = YES_ERROR;
				GCC_WARN_UNDECLARED_SELECTOR = YES;
				GCC_WARN_UNINITIALIZED_AUTOS = YES_AGGRESSIVE;
				GCC_WARN_UNUSED_FUNCTION = YES;
				GCC_WARN_UNUSED_VARIABLE = YES;
				IPHONEOS_DEPLOYMENT_TARGET = 13.0;
				MTL_ENABLE_DEBUG_INFO = NO;
				MTL_FAST_MATH = YES;
				SDKROOT = iphoneos;
				SWIFT_COMPILATION_MODE = wholemodule;
				SWIFT_OPTIMIZATION_LEVEL = "-O";
				VALIDATE_PRODUCT = YES;
			};
			name = Production;
		};
		842C6FA7266DC5AB0017E1CD /* Staging */ = {
			isa = XCBuildConfiguration;
			baseConfigurationReference = 277CD91DD4FF40046D165966 /* Pods-SurveyApp.staging.xcconfig */;
			buildSettings = {
				ASSETCATALOG_COMPILER_APPICON_NAME = AppIcon;
				ASSETCATALOG_COMPILER_GLOBAL_ACCENT_COLOR_NAME = AccentColor;
				CODE_SIGN_IDENTITY = "Apple Development";
				CODE_SIGN_STYLE = Automatic;
				DEVELOPMENT_TEAM = G6W2RMB3QM;
				INFOPLIST_FILE = SurveyApp/Info.plist;
				LD_RUNPATH_SEARCH_PATHS = (
					"$(inherited)",
					"@executable_path/Frameworks",
				);
				MARKETING_VERSION = 0.3.0;
				PRODUCT_BUNDLE_IDENTIFIER = co.nimblehq.SurveyApp;
				PRODUCT_NAME = "$(TARGET_NAME)";
				PROVISIONING_PROFILE_SPECIFIER = "";
				SWIFT_VERSION = 5.0;
				TARGETED_DEVICE_FAMILY = "1,2";
			};
			name = Staging;
		};
		842C6FA8266DC5AB0017E1CD /* Production */ = {
			isa = XCBuildConfiguration;
			baseConfigurationReference = 8305C3BFE7C5D112F6852D86 /* Pods-SurveyApp.production.xcconfig */;
			buildSettings = {
				ASSETCATALOG_COMPILER_APPICON_NAME = AppIcon;
				ASSETCATALOG_COMPILER_GLOBAL_ACCENT_COLOR_NAME = AccentColor;
				CODE_SIGN_IDENTITY = "Apple Development";
				CODE_SIGN_STYLE = Automatic;
				DEVELOPMENT_TEAM = G6W2RMB3QM;
				INFOPLIST_FILE = SurveyApp/Info.plist;
				LD_RUNPATH_SEARCH_PATHS = (
					"$(inherited)",
					"@executable_path/Frameworks",
				);
				MARKETING_VERSION = 0.3.0;
				PRODUCT_BUNDLE_IDENTIFIER = co.nimblehq.SurveyApp;
				PRODUCT_NAME = "$(TARGET_NAME)";
				PROVISIONING_PROFILE_SPECIFIER = "";
				SWIFT_VERSION = 5.0;
				TARGETED_DEVICE_FAMILY = "1,2";
			};
			name = Production;
		};
		842C6FAA266DC5AB0017E1CD /* Staging */ = {
			isa = XCBuildConfiguration;
			baseConfigurationReference = 7486ED305241E7AAF51C771F /* Pods-SurveyAppTests.staging.xcconfig */;
			buildSettings = {
				ALWAYS_EMBED_SWIFT_STANDARD_LIBRARIES = YES;
				BUNDLE_LOADER = "$(TEST_HOST)";
				CLANG_ENABLE_MODULES = YES;
				CODE_SIGN_STYLE = Automatic;
				DEVELOPMENT_TEAM = G6W2RMB3QM;
				INFOPLIST_FILE = SurveyAppTests/Info.plist;
				IPHONEOS_DEPLOYMENT_TARGET = 13.0;
				LD_RUNPATH_SEARCH_PATHS = (
					"$(inherited)",
					"@executable_path/Frameworks",
					"@loader_path/Frameworks",
				);
				PRODUCT_BUNDLE_IDENTIFIER = co.nimblehq.SurveyAppTests;
				PRODUCT_NAME = "$(TARGET_NAME)";
				SWIFT_OPTIMIZATION_LEVEL = "-Onone";
				SWIFT_VERSION = 5.0;
				TARGETED_DEVICE_FAMILY = "1,2";
				TEST_HOST = "$(BUILT_PRODUCTS_DIR)/SurveyApp.app/SurveyApp";
			};
			name = Staging;
		};
		842C6FAB266DC5AB0017E1CD /* Production */ = {
			isa = XCBuildConfiguration;
			baseConfigurationReference = CEEA0C649A9194A3912C91EE /* Pods-SurveyAppTests.production.xcconfig */;
			buildSettings = {
				ALWAYS_EMBED_SWIFT_STANDARD_LIBRARIES = YES;
				BUNDLE_LOADER = "$(TEST_HOST)";
				CLANG_ENABLE_MODULES = YES;
				CODE_SIGN_STYLE = Automatic;
				DEVELOPMENT_TEAM = G6W2RMB3QM;
				INFOPLIST_FILE = SurveyAppTests/Info.plist;
				IPHONEOS_DEPLOYMENT_TARGET = 13.0;
				LD_RUNPATH_SEARCH_PATHS = (
					"$(inherited)",
					"@executable_path/Frameworks",
					"@loader_path/Frameworks",
				);
				PRODUCT_BUNDLE_IDENTIFIER = co.nimblehq.SurveyAppTests;
				PRODUCT_NAME = "$(TARGET_NAME)";
				SWIFT_VERSION = 5.0;
				TARGETED_DEVICE_FAMILY = "1,2";
				TEST_HOST = "$(BUILT_PRODUCTS_DIR)/SurveyApp.app/SurveyApp";
			};
			name = Production;
		};
		842C6FAD266DC5AB0017E1CD /* Staging */ = {
			isa = XCBuildConfiguration;
			baseConfigurationReference = FA122BBFB5F93B7CEB69586A /* Pods-SurveyApp-SurveyAppUITests.staging.xcconfig */;
			buildSettings = {
				ALWAYS_EMBED_SWIFT_STANDARD_LIBRARIES = YES;
				CODE_SIGN_STYLE = Automatic;
				DEVELOPMENT_TEAM = G6W2RMB3QM;
				INFOPLIST_FILE = SurveyAppUITests/Info.plist;
				LD_RUNPATH_SEARCH_PATHS = (
					"$(inherited)",
					"@executable_path/Frameworks",
					"@loader_path/Frameworks",
				);
				PRODUCT_BUNDLE_IDENTIFIER = co.nimblehq.SurveyAppUITests;
				PRODUCT_NAME = "$(TARGET_NAME)";
				SWIFT_VERSION = 5.0;
				TARGETED_DEVICE_FAMILY = "1,2";
				TEST_TARGET_NAME = SurveyApp;
			};
			name = Staging;
		};
		842C6FAE266DC5AB0017E1CD /* Production */ = {
			isa = XCBuildConfiguration;
			baseConfigurationReference = 481A514E5B47D0679AE6DF6A /* Pods-SurveyApp-SurveyAppUITests.production.xcconfig */;
			buildSettings = {
				ALWAYS_EMBED_SWIFT_STANDARD_LIBRARIES = YES;
				CODE_SIGN_STYLE = Automatic;
				DEVELOPMENT_TEAM = G6W2RMB3QM;
				INFOPLIST_FILE = SurveyAppUITests/Info.plist;
				LD_RUNPATH_SEARCH_PATHS = (
					"$(inherited)",
					"@executable_path/Frameworks",
					"@loader_path/Frameworks",
				);
				PRODUCT_BUNDLE_IDENTIFIER = co.nimblehq.SurveyAppUITests;
				PRODUCT_NAME = "$(TARGET_NAME)";
				SWIFT_VERSION = 5.0;
				TARGETED_DEVICE_FAMILY = "1,2";
				TEST_TARGET_NAME = SurveyApp;
			};
			name = Production;
		};
		846483F72676F5B700233656 /* Debug */ = {
			isa = XCBuildConfiguration;
			buildSettings = {
				ALWAYS_SEARCH_USER_PATHS = NO;
				CLANG_ANALYZER_NONNULL = YES;
				CLANG_ANALYZER_NUMBER_OBJECT_CONVERSION = YES_AGGRESSIVE;
				CLANG_CXX_LANGUAGE_STANDARD = "gnu++14";
				CLANG_CXX_LIBRARY = "libc++";
				CLANG_ENABLE_MODULES = YES;
				CLANG_ENABLE_OBJC_ARC = YES;
				CLANG_ENABLE_OBJC_WEAK = YES;
				CLANG_WARN_BLOCK_CAPTURE_AUTORELEASING = YES;
				CLANG_WARN_BOOL_CONVERSION = YES;
				CLANG_WARN_COMMA = YES;
				CLANG_WARN_CONSTANT_CONVERSION = YES;
				CLANG_WARN_DEPRECATED_OBJC_IMPLEMENTATIONS = YES;
				CLANG_WARN_DIRECT_OBJC_ISA_USAGE = YES_ERROR;
				CLANG_WARN_DOCUMENTATION_COMMENTS = YES;
				CLANG_WARN_EMPTY_BODY = YES;
				CLANG_WARN_ENUM_CONVERSION = YES;
				CLANG_WARN_INFINITE_RECURSION = YES;
				CLANG_WARN_INT_CONVERSION = YES;
				CLANG_WARN_NON_LITERAL_NULL_CONVERSION = YES;
				CLANG_WARN_OBJC_IMPLICIT_RETAIN_SELF = YES;
				CLANG_WARN_OBJC_LITERAL_CONVERSION = YES;
				CLANG_WARN_OBJC_ROOT_CLASS = YES_ERROR;
				CLANG_WARN_QUOTED_INCLUDE_IN_FRAMEWORK_HEADER = YES;
				CLANG_WARN_RANGE_LOOP_ANALYSIS = YES;
				CLANG_WARN_STRICT_PROTOTYPES = YES;
				CLANG_WARN_SUSPICIOUS_MOVE = YES;
				CLANG_WARN_UNGUARDED_AVAILABILITY = YES_AGGRESSIVE;
				CLANG_WARN_UNREACHABLE_CODE = YES;
				CLANG_WARN__DUPLICATE_METHOD_MATCH = YES;
				COPY_PHASE_STRIP = NO;
				DEBUG_INFORMATION_FORMAT = dwarf;
				ENABLE_STRICT_OBJC_MSGSEND = YES;
				ENABLE_TESTABILITY = YES;
				GCC_C_LANGUAGE_STANDARD = gnu11;
				GCC_DYNAMIC_NO_PIC = NO;
				GCC_NO_COMMON_BLOCKS = YES;
				GCC_OPTIMIZATION_LEVEL = 0;
				GCC_PREPROCESSOR_DEFINITIONS = (
					"DEBUG=1",
					"$(inherited)",
				);
				GCC_WARN_64_TO_32_BIT_CONVERSION = YES;
				GCC_WARN_ABOUT_RETURN_TYPE = YES_ERROR;
				GCC_WARN_UNDECLARED_SELECTOR = YES;
				GCC_WARN_UNINITIALIZED_AUTOS = YES_AGGRESSIVE;
				GCC_WARN_UNUSED_FUNCTION = YES;
				GCC_WARN_UNUSED_VARIABLE = YES;
				IPHONEOS_DEPLOYMENT_TARGET = 13.0;
				MTL_ENABLE_DEBUG_INFO = INCLUDE_SOURCE;
				MTL_FAST_MATH = YES;
				ONLY_ACTIVE_ARCH = YES;
				SDKROOT = iphoneos;
				SWIFT_ACTIVE_COMPILATION_CONDITIONS = DEBUG;
				SWIFT_OPTIMIZATION_LEVEL = "-Onone";
			};
			name = Debug;
		};
		846483F82676F5B700233656 /* Debug */ = {
			isa = XCBuildConfiguration;
			baseConfigurationReference = 797FFD10F58E150DBCEC0F54 /* Pods-SurveyApp.debug.xcconfig */;
			buildSettings = {
				ASSETCATALOG_COMPILER_APPICON_NAME = AppIcon;
				ASSETCATALOG_COMPILER_GLOBAL_ACCENT_COLOR_NAME = AccentColor;
				CODE_SIGN_IDENTITY = "Apple Development";
				CODE_SIGN_STYLE = Automatic;
				DEVELOPMENT_TEAM = G6W2RMB3QM;
				INFOPLIST_FILE = SurveyApp/Info.plist;
				LD_RUNPATH_SEARCH_PATHS = (
					"$(inherited)",
					"@executable_path/Frameworks",
				);
				MARKETING_VERSION = 0.3.0;
				PRODUCT_BUNDLE_IDENTIFIER = co.nimblehq.SurveyApp;
				PRODUCT_NAME = "$(TARGET_NAME)";
				PROVISIONING_PROFILE_SPECIFIER = "";
				SWIFT_VERSION = 5.0;
				TARGETED_DEVICE_FAMILY = "1,2";
			};
			name = Debug;
		};
		846483F92676F5B700233656 /* Debug */ = {
			isa = XCBuildConfiguration;
			baseConfigurationReference = 88D92D34CAFA1D129AE0F111 /* Pods-SurveyAppTests.debug.xcconfig */;
			buildSettings = {
				ALWAYS_EMBED_SWIFT_STANDARD_LIBRARIES = YES;
				BUNDLE_LOADER = "$(TEST_HOST)";
				CLANG_ENABLE_MODULES = YES;
				CODE_SIGN_STYLE = Automatic;
				DEVELOPMENT_TEAM = G6W2RMB3QM;
				INFOPLIST_FILE = SurveyAppTests/Info.plist;
				IPHONEOS_DEPLOYMENT_TARGET = 13.0;
				LD_RUNPATH_SEARCH_PATHS = (
					"$(inherited)",
					"@executable_path/Frameworks",
					"@loader_path/Frameworks",
				);
				PRODUCT_BUNDLE_IDENTIFIER = co.nimblehq.SurveyAppTests;
				PRODUCT_NAME = "$(TARGET_NAME)";
				SWIFT_OPTIMIZATION_LEVEL = "-Onone";
				SWIFT_VERSION = 5.0;
				TARGETED_DEVICE_FAMILY = "1,2";
				TEST_HOST = "$(BUILT_PRODUCTS_DIR)/SurveyApp.app/SurveyApp";
			};
			name = Debug;
		};
		846483FA2676F5B700233656 /* Debug */ = {
			isa = XCBuildConfiguration;
			baseConfigurationReference = D1E8C064FBEFA06662AC25EE /* Pods-SurveyApp-SurveyAppUITests.debug.xcconfig */;
			buildSettings = {
				ALWAYS_EMBED_SWIFT_STANDARD_LIBRARIES = YES;
				CODE_SIGN_STYLE = Automatic;
				DEVELOPMENT_TEAM = G6W2RMB3QM;
				INFOPLIST_FILE = SurveyAppUITests/Info.plist;
				LD_RUNPATH_SEARCH_PATHS = (
					"$(inherited)",
					"@executable_path/Frameworks",
					"@loader_path/Frameworks",
				);
				PRODUCT_BUNDLE_IDENTIFIER = co.nimblehq.SurveyAppUITests;
				PRODUCT_NAME = "$(TARGET_NAME)";
				SWIFT_VERSION = 5.0;
				TARGETED_DEVICE_FAMILY = "1,2";
				TEST_TARGET_NAME = SurveyApp;
			};
			name = Debug;
		};
/* End XCBuildConfiguration section */

/* Begin XCConfigurationList section */
		842C6F77266DC5AA0017E1CD /* Build configuration list for PBXProject "SurveyApp" */ = {
			isa = XCConfigurationList;
			buildConfigurations = (
				842C6FA4266DC5AB0017E1CD /* Staging */,
				846483F72676F5B700233656 /* Debug */,
				842C6FA5266DC5AB0017E1CD /* Production */,
			);
			defaultConfigurationIsVisible = 0;
			defaultConfigurationName = Staging;
		};
		842C6FA6266DC5AB0017E1CD /* Build configuration list for PBXNativeTarget "SurveyApp" */ = {
			isa = XCConfigurationList;
			buildConfigurations = (
				842C6FA7266DC5AB0017E1CD /* Staging */,
				846483F82676F5B700233656 /* Debug */,
				842C6FA8266DC5AB0017E1CD /* Production */,
			);
			defaultConfigurationIsVisible = 0;
			defaultConfigurationName = Staging;
		};
		842C6FA9266DC5AB0017E1CD /* Build configuration list for PBXNativeTarget "SurveyAppTests" */ = {
			isa = XCConfigurationList;
			buildConfigurations = (
				842C6FAA266DC5AB0017E1CD /* Staging */,
				846483F92676F5B700233656 /* Debug */,
				842C6FAB266DC5AB0017E1CD /* Production */,
			);
			defaultConfigurationIsVisible = 0;
			defaultConfigurationName = Staging;
		};
		842C6FAC266DC5AB0017E1CD /* Build configuration list for PBXNativeTarget "SurveyAppUITests" */ = {
			isa = XCConfigurationList;
			buildConfigurations = (
				842C6FAD266DC5AB0017E1CD /* Staging */,
				846483FA2676F5B700233656 /* Debug */,
				842C6FAE266DC5AB0017E1CD /* Production */,
			);
			defaultConfigurationIsVisible = 0;
			defaultConfigurationName = Staging;
		};
/* End XCConfigurationList section */
	};
	rootObject = 842C6F74266DC5AA0017E1CD /* Project object */;
}
